// !$*UTF8*$!
{
	archiveVersion = 1;
	classes = {
	};
	objectVersion = 46;
	objects = {
/* Begin PBXBuildFile section */
		0207DA581B56EA530066E2B4 /* Images.xcassets in Resources */ = {isa = PBXBuildFile; fileRef = 0207DA571B56EA530066E2B4 /* Images.xcassets */; };
		1D3623260D0F684500981E51 /* AppDelegate.m in Sources */ = {isa = PBXBuildFile; fileRef = 1D3623250D0F684500981E51 /* AppDelegate.m */; };
		1D60589B0D05DD56006BFB54 /* main.m in Sources */ = {isa = PBXBuildFile; fileRef = 29B97316FDCFA39411CA2CEA /* main.m */; };
		301BF552109A68D80062928A /* libCordova.a in Frameworks */ = {isa = PBXBuildFile; fileRef = 301BF535109A57CC0062928A /* libCordova.a */; };
		302D95F114D2391D003F00A1 /* MainViewController.m in Sources */ = {isa = PBXBuildFile; fileRef = 302D95EF14D2391D003F00A1 /* MainViewController.m */; };
		302D95F214D2391D003F00A1 /* MainViewController.xib in Resources */ = {isa = PBXBuildFile; fileRef = 302D95F014D2391D003F00A1 /* MainViewController.xib */; };
		3047A5121AB8059700498E2A /* build-debug.xcconfig in Resources */ = {isa = PBXBuildFile; fileRef = 3047A50F1AB8059700498E2A /* build-debug.xcconfig */; };
		3047A5131AB8059700498E2A /* build-release.xcconfig in Resources */ = {isa = PBXBuildFile; fileRef = 3047A5101AB8059700498E2A /* build-release.xcconfig */; };
		3047A5141AB8059700498E2A /* build.xcconfig in Resources */ = {isa = PBXBuildFile; fileRef = 3047A5111AB8059700498E2A /* build.xcconfig */; };
		6AFF5BF91D6E424B00AB3073 /* CDVLaunchScreen.storyboard in Resources */ = {isa = PBXBuildFile; fileRef = 6AFF5BF81D6E424B00AB3073 /* CDVLaunchScreen.storyboard */; };
		3C37C3B4E00B4716844FA060 /* CDVDevice.m in Sources */ = {isa = PBXBuildFile; fileRef = 5DA36624052E43639FBFAA9B /* CDVDevice.m */; };
		CF2FD78CC9E4402491B9C7F2 /* CDVWKWebViewEngine.m in Sources */ = {isa = PBXBuildFile; fileRef = C4024E51C6A54AF59A368BE8 /* CDVWKWebViewEngine.m */; };
		EEC5291F38BF4D8098E99EEA /* CDVWKWebViewUIDelegate.m in Sources */ = {isa = PBXBuildFile; fileRef = 4C89202B002B48778B688660 /* CDVWKWebViewUIDelegate.m */; };
		565D6F57183E4689858D7301 /* CDVWKProcessPoolFactory.m in Sources */ = {isa = PBXBuildFile; fileRef = D84B7CBF92A54485A0E9E93B /* CDVWKProcessPoolFactory.m */; };
		C6DBF8F5546E4712B4128E72 /* GCDWebServer.m in Sources */ = {isa = PBXBuildFile; fileRef = 4FB40DE1D4FB447888A4D547 /* GCDWebServer.m */; };
		3FA4B9927B8242E8B26B3122 /* GCDWebServerConnection.m in Sources */ = {isa = PBXBuildFile; fileRef = 65E7B810AFC94245B3EF555C /* GCDWebServerConnection.m */; };
		E51A565BD052432A873E2B21 /* GCDWebServerFunctions.m in Sources */ = {isa = PBXBuildFile; fileRef = 91F15A5C5A3B495E924AF447 /* GCDWebServerFunctions.m */; };
		93C8CD01295440D2BB4066B0 /* GCDWebServerRequest.m in Sources */ = {isa = PBXBuildFile; fileRef = DEC7E62F6495418F88C80B33 /* GCDWebServerRequest.m */; };
		893876A3508A4D11A64A8B66 /* GCDWebServerResponse.m in Sources */ = {isa = PBXBuildFile; fileRef = C69DE6284E6E4D84BA6BE907 /* GCDWebServerResponse.m */; };
		D90B124879C24EC2B6F5D233 /* GCDWebServerDataRequest.m in Sources */ = {isa = PBXBuildFile; fileRef = 892B087B5AE0475796ABEF55 /* GCDWebServerDataRequest.m */; };
		C484E62833974C43BEBB75EF /* GCDWebServerFileRequest.m in Sources */ = {isa = PBXBuildFile; fileRef = 9EAC19A4898749C984EFE831 /* GCDWebServerFileRequest.m */; };
		AEA0369896AD45F39F86DF72 /* GCDWebServerMultiPartFormRequest.m in Sources */ = {isa = PBXBuildFile; fileRef = FE12D1A2FF9844DF970B54BD /* GCDWebServerMultiPartFormRequest.m */; };
		4D3EB3458D8C4DC69EA7E108 /* GCDWebServerURLEncodedFormRequest.m in Sources */ = {isa = PBXBuildFile; fileRef = 050CA1AC0D754E28BC05BF4A /* GCDWebServerURLEncodedFormRequest.m */; };
		6C3EADB4E73744E2A4E3E6C9 /* GCDWebServerDataResponse.m in Sources */ = {isa = PBXBuildFile; fileRef = 3373DE66230D4A9FA4A428D7 /* GCDWebServerDataResponse.m */; };
		2C81BDDED3DB491BA2361BAE /* GCDWebServerErrorResponse.m in Sources */ = {isa = PBXBuildFile; fileRef = E9D16400B5A34B2682A1AFB0 /* GCDWebServerErrorResponse.m */; };
		63D7D68C618F4BE0857214B4 /* GCDWebServerFileResponse.m in Sources */ = {isa = PBXBuildFile; fileRef = 3DBA484649C8426C8248D492 /* GCDWebServerFileResponse.m */; };
		DC7F682F633A408498540572 /* GCDWebServerStreamedResponse.m in Sources */ = {isa = PBXBuildFile; fileRef = A1A6FB920A2B4F2AB36CBD7F /* GCDWebServerStreamedResponse.m */; };
		13247C3C3D1141B58C96DBD0 /* WebKit.framework in Frameworks */ = {isa = PBXBuildFile; fileRef = 874D0DD6080A41BBBC6F584F /* WebKit.framework */; settings = {ATTRIBUTES = (Weak, ); }; };
		915B5D49B8EF486BB02D476C /* libz.tbd in Frameworks */ = {isa = PBXBuildFile; fileRef = 8F5AEE05022F4BEABA6EE6D6 /* libz.tbd */; };
		36E7894448264A91AF253085 /* CDVSplashScreen.m in Sources */ = {isa = PBXBuildFile; fileRef = FF92BF68C47941B995E534DA /* CDVSplashScreen.m */; };
		00D034B8C8694F609F7BBB0D /* CDVViewController+SplashScreen.m in Sources */ = {isa = PBXBuildFile; fileRef = BA7F8C624A2E4B79B1F346A2 /* CDVViewController+SplashScreen.m */; };
		FE349A3DAAE14ACC8EBA8E39 /* IonicKeyboard.m in Sources */ = {isa = PBXBuildFile; fileRef = C94F60C12281466489C23197 /* IonicKeyboard.m */; };
		0DB5C08D6DB84D7FA0F6190A /* AppDelegate+notification.m in Sources */ = {isa = PBXBuildFile; fileRef = 9B66F71DFDD9499989F73111 /* AppDelegate+notification.m */; };
		19600A2ECBCB4C0EB5CA92BD /* PushPlugin.m in Sources */ = {isa = PBXBuildFile; fileRef = 12AF7745956D4861850196A1 /* PushPlugin.m */; };
		0CB458EFC2CE4E4DB1C66E6C /* FCMPlugin.m in Sources */ = {isa = PBXBuildFile; fileRef = C78975AA9FFD43BCA3E26D16 /* FCMPlugin.m */; };
		4C755F079BFA4584B9CB6115 /* AppDelegate+FCMPlugin.m in Sources */ = {isa = PBXBuildFile; fileRef = FF03C10ED50940368F0D0BE9 /* AppDelegate+FCMPlugin.m */; };
		31801BB949B84722BA76F0BB /* GoogleService-Info.plist in Resources */ = {isa = PBXBuildFile; fileRef = A424D7F5447A4189B99F3758 /* GoogleService-Info.plist */; };
		E507708D0C164C2893299E97 /* FirebaseAnalytics.framework in Frameworks */ = {isa = PBXBuildFile; fileRef = DCB0926F4124402DB717F7DD /* FirebaseAnalytics.framework */; };
		5FAA006760624EE6A337A182 /* FirebaseCore.framework in Frameworks */ = {isa = PBXBuildFile; fileRef = BB7B35C82E8642E89A5D6580 /* FirebaseCore.framework */; };
		FC017434972E4D37BC0EFC54 /* FirebaseInstanceID.framework in Frameworks */ = {isa = PBXBuildFile; fileRef = DE99E599D3BE4B5FBA1723E7 /* FirebaseInstanceID.framework */; };
		71DBC38383924FD38D2D54FE /* FirebaseMessaging.framework in Frameworks */ = {isa = PBXBuildFile; fileRef = 71C8A2AA4A484DFAA8D943E9 /* FirebaseMessaging.framework */; };
		7E0525FEE2E547F49AB113D2 /* GoogleInterchangeUtilities.framework in Frameworks */ = {isa = PBXBuildFile; fileRef = CC367FE6FAD640E29F8EE386 /* GoogleInterchangeUtilities.framework */; };
		EC35278370C14E558CD4DA8C /* GoogleIPhoneUtilities.framework in Frameworks */ = {isa = PBXBuildFile; fileRef = A4AE70BC66B04ADCA6836809 /* GoogleIPhoneUtilities.framework */; };
		57640C0652314BB3AFFABADE /* GoogleSymbolUtilities.framework in Frameworks */ = {isa = PBXBuildFile; fileRef = 5D173A787DCD46E4806E96E1 /* GoogleSymbolUtilities.framework */; };
		8DAB2378B0E940BCAC4AFC7F /* GoogleUtilities.framework in Frameworks */ = {isa = PBXBuildFile; fileRef = 258B0F93530B462C90558EBF /* GoogleUtilities.framework */; };
		D1C753D4E8B64053B4E0FE20 /* libc++.tbd in Frameworks */ = {isa = PBXBuildFile; fileRef = 65C178EA22184A58BEA5ABBB /* libc++.tbd */; };
		42E771FC39444C31B1606EA5 /* AddressBook.framework in Frameworks */ = {isa = PBXBuildFile; fileRef = E502D6CBA0F2415E8069D62D /* AddressBook.framework */; };
		3EE30C9FB6B94D62894A2E28 /* libsqlite3.0.tbd in Frameworks */ = {isa = PBXBuildFile; fileRef = E3C3670A3F7C428AAD4D0994 /* libsqlite3.0.tbd */; };
		E16DA5BFF05D4D048FBD0F12 /* Security.framework in Frameworks */ = {isa = PBXBuildFile; fileRef = EA77BC5783D14429A4830577 /* Security.framework */; };
/* End PBXBuildFile section */

/* Begin PBXContainerItemProxy section */
		301BF534109A57CC0062928A /* PBXContainerItemProxy */ = {
			isa = PBXContainerItemProxy;
			containerPortal = 301BF52D109A57CC0062928A /* CordovaLib.xcodeproj */;
			proxyType = 2;
			remoteGlobalIDString = D2AAC07E0554694100DB518D;
			remoteInfo = CordovaLib;
		};
		301BF550109A68C00062928A /* PBXContainerItemProxy */ = {
			isa = PBXContainerItemProxy;
			containerPortal = 301BF52D109A57CC0062928A /* CordovaLib.xcodeproj */;
			proxyType = 1;
			remoteGlobalIDString = D2AAC07D0554694100DB518D;
			remoteInfo = CordovaLib;
		};
/* End PBXContainerItemProxy section */

/* Begin PBXFileReference section */
		0207DA571B56EA530066E2B4 /* Images.xcassets */ = {isa = PBXFileReference; lastKnownFileType = folder.assetcatalog; name = Images.xcassets; path = "test 1/Images.xcassets"; sourceTree = SOURCE_ROOT; };
		1D3623240D0F684500981E51 /* AppDelegate.h */ = {isa = PBXFileReference; fileEncoding = 4; lastKnownFileType = sourcecode.c.h; path = AppDelegate.h; sourceTree = "<group>"; };
		1D3623250D0F684500981E51 /* AppDelegate.m */ = {isa = PBXFileReference; fileEncoding = 4; lastKnownFileType = sourcecode.c.objc; path = AppDelegate.m; sourceTree = "<group>"; };
		1D6058910D05DD3D006BFB54 /* test 1.app */ = {isa = PBXFileReference; explicitFileType = wrapper.application; includeInIndex = 0; path = "test 1.app"; sourceTree = BUILT_PRODUCTS_DIR; };
		29B97316FDCFA39411CA2CEA /* main.m */ = {isa = PBXFileReference; fileEncoding = 4; lastKnownFileType = sourcecode.c.objc; path = main.m; sourceTree = "<group>"; };
		301BF52D109A57CC0062928A /* CordovaLib.xcodeproj */ = {isa = PBXFileReference; lastKnownFileType = "wrapper.pb-project"; path = CordovaLib/CordovaLib.xcodeproj; sourceTree = "<group>"; };
		301BF56E109A69640062928A /* www */ = {isa = PBXFileReference; lastKnownFileType = folder; path = www; sourceTree = SOURCE_ROOT; };
		302D95EE14D2391D003F00A1 /* MainViewController.h */ = {isa = PBXFileReference; fileEncoding = 4; lastKnownFileType = sourcecode.c.h; path = MainViewController.h; sourceTree = "<group>"; };
		302D95EF14D2391D003F00A1 /* MainViewController.m */ = {isa = PBXFileReference; fileEncoding = 4; lastKnownFileType = sourcecode.c.objc; path = MainViewController.m; sourceTree = "<group>"; };
		302D95F014D2391D003F00A1 /* MainViewController.xib */ = {isa = PBXFileReference; fileEncoding = 4; lastKnownFileType = file.xib; path = MainViewController.xib; sourceTree = "<group>"; };
		3047A50F1AB8059700498E2A /* build-debug.xcconfig */ = {isa = PBXFileReference; fileEncoding = 4; lastKnownFileType = text.xcconfig; name = "build-debug.xcconfig"; path = cordova/build-debug.xcconfig; sourceTree = SOURCE_ROOT; };
		3047A5101AB8059700498E2A /* build-release.xcconfig */ = {isa = PBXFileReference; fileEncoding = 4; lastKnownFileType = text.xcconfig; name = "build-release.xcconfig"; path = cordova/build-release.xcconfig; sourceTree = SOURCE_ROOT; };
		3047A5111AB8059700498E2A /* build.xcconfig */ = {isa = PBXFileReference; fileEncoding = 4; lastKnownFileType = text.xcconfig; name = build.xcconfig; path = cordova/build.xcconfig; sourceTree = SOURCE_ROOT; };
		32CA4F630368D1EE00C91783 /* test 1-Prefix.pch */ = {isa = PBXFileReference; fileEncoding = 4; lastKnownFileType = sourcecode.c.h; path = "test 1-Prefix.pch"; sourceTree = "<group>"; };
		6AFF5BF81D6E424B00AB3073 /* CDVLaunchScreen.storyboard */ = {isa = PBXFileReference; fileEncoding = 4; lastKnownFileType = file.storyboard; name = CDVLaunchScreen.storyboard; path = "test 1/CDVLaunchScreen.storyboard"; sourceTree = SOURCE_ROOT; };
		8D1107310486CEB800E47090 /* test 1-Info.plist */ = {isa = PBXFileReference; fileEncoding = 4; lastKnownFileType = text.plist.xml; name = "test 1-Info.plist"; path = "test 1/test 1-Info.plist"; plistStructureDefinitionIdentifier = "com.apple.xcode.plist.structure-definition.iphone.info-plist"; sourceTree = SOURCE_ROOT; };
		EB87FDF31871DA8E0020F90C /* www */ = {isa = PBXFileReference; lastKnownFileType = folder; name = www; path = ../../www; sourceTree = "<group>"; };
		EB87FDF41871DAF40020F90C /* config.xml */ = {isa = PBXFileReference; lastKnownFileType = text.xml; name = config.xml; path = ../../config.xml; sourceTree = "<group>"; };
		F840E1F0165FE0F500CFE078 /* config.xml */ = {isa = PBXFileReference; lastKnownFileType = text.xml; name = config.xml; path = "test 1/config.xml"; sourceTree = "<group>"; };
		ED33DF2A687741AEAF9F8254 /* Bridging-Header.h */ = {isa = PBXFileReference; fileEncoding = 4; lastKnownFileType = sourcecode.c.h; name = "Bridging-Header.h"; path = "Bridging-Header.h"; sourceTree = "<group>"; };
		5DA36624052E43639FBFAA9B /* CDVDevice.m */ = {isa = PBXFileReference; name = "CDVDevice.m"; path = "cordova-plugin-device/CDVDevice.m"; sourceTree = "<group>"; fileEncoding = 4; lastKnownFileType = sourcecode.c.objc; explicitFileType = undefined; includeInIndex = 0; };
		C80B2231E875478883CF1916 /* CDVDevice.h */ = {isa = PBXFileReference; name = "CDVDevice.h"; path = "cordova-plugin-device/CDVDevice.h"; sourceTree = "<group>"; fileEncoding = 4; lastKnownFileType = sourcecode.c.h; explicitFileType = undefined; includeInIndex = 0; };
		C4024E51C6A54AF59A368BE8 /* CDVWKWebViewEngine.m */ = {isa = PBXFileReference; name = "CDVWKWebViewEngine.m"; path = "cordova-plugin-ionic-webview/CDVWKWebViewEngine.m"; sourceTree = "<group>"; fileEncoding = 4; lastKnownFileType = sourcecode.c.objc; explicitFileType = undefined; includeInIndex = 0; };
		4C89202B002B48778B688660 /* CDVWKWebViewUIDelegate.m */ = {isa = PBXFileReference; name = "CDVWKWebViewUIDelegate.m"; path = "cordova-plugin-ionic-webview/CDVWKWebViewUIDelegate.m"; sourceTree = "<group>"; fileEncoding = 4; lastKnownFileType = sourcecode.c.objc; explicitFileType = undefined; includeInIndex = 0; };
		D84B7CBF92A54485A0E9E93B /* CDVWKProcessPoolFactory.m */ = {isa = PBXFileReference; name = "CDVWKProcessPoolFactory.m"; path = "cordova-plugin-ionic-webview/CDVWKProcessPoolFactory.m"; sourceTree = "<group>"; fileEncoding = 4; lastKnownFileType = sourcecode.c.objc; explicitFileType = undefined; includeInIndex = 0; };
		4FB40DE1D4FB447888A4D547 /* GCDWebServer.m */ = {isa = PBXFileReference; name = "GCDWebServer.m"; path = "cordova-plugin-ionic-webview/GCDWebServer.m"; sourceTree = "<group>"; fileEncoding = 4; lastKnownFileType = sourcecode.c.objc; explicitFileType = undefined; includeInIndex = 0; };
		65E7B810AFC94245B3EF555C /* GCDWebServerConnection.m */ = {isa = PBXFileReference; name = "GCDWebServerConnection.m"; path = "cordova-plugin-ionic-webview/GCDWebServerConnection.m"; sourceTree = "<group>"; fileEncoding = 4; lastKnownFileType = sourcecode.c.objc; explicitFileType = undefined; includeInIndex = 0; };
		91F15A5C5A3B495E924AF447 /* GCDWebServerFunctions.m */ = {isa = PBXFileReference; name = "GCDWebServerFunctions.m"; path = "cordova-plugin-ionic-webview/GCDWebServerFunctions.m"; sourceTree = "<group>"; fileEncoding = 4; lastKnownFileType = sourcecode.c.objc; explicitFileType = undefined; includeInIndex = 0; };
		DEC7E62F6495418F88C80B33 /* GCDWebServerRequest.m */ = {isa = PBXFileReference; name = "GCDWebServerRequest.m"; path = "cordova-plugin-ionic-webview/GCDWebServerRequest.m"; sourceTree = "<group>"; fileEncoding = 4; lastKnownFileType = sourcecode.c.objc; explicitFileType = undefined; includeInIndex = 0; };
		C69DE6284E6E4D84BA6BE907 /* GCDWebServerResponse.m */ = {isa = PBXFileReference; name = "GCDWebServerResponse.m"; path = "cordova-plugin-ionic-webview/GCDWebServerResponse.m"; sourceTree = "<group>"; fileEncoding = 4; lastKnownFileType = sourcecode.c.objc; explicitFileType = undefined; includeInIndex = 0; };
		892B087B5AE0475796ABEF55 /* GCDWebServerDataRequest.m */ = {isa = PBXFileReference; name = "GCDWebServerDataRequest.m"; path = "cordova-plugin-ionic-webview/GCDWebServerDataRequest.m"; sourceTree = "<group>"; fileEncoding = 4; lastKnownFileType = sourcecode.c.objc; explicitFileType = undefined; includeInIndex = 0; };
		9EAC19A4898749C984EFE831 /* GCDWebServerFileRequest.m */ = {isa = PBXFileReference; name = "GCDWebServerFileRequest.m"; path = "cordova-plugin-ionic-webview/GCDWebServerFileRequest.m"; sourceTree = "<group>"; fileEncoding = 4; lastKnownFileType = sourcecode.c.objc; explicitFileType = undefined; includeInIndex = 0; };
		FE12D1A2FF9844DF970B54BD /* GCDWebServerMultiPartFormRequest.m */ = {isa = PBXFileReference; name = "GCDWebServerMultiPartFormRequest.m"; path = "cordova-plugin-ionic-webview/GCDWebServerMultiPartFormRequest.m"; sourceTree = "<group>"; fileEncoding = 4; lastKnownFileType = sourcecode.c.objc; explicitFileType = undefined; includeInIndex = 0; };
		050CA1AC0D754E28BC05BF4A /* GCDWebServerURLEncodedFormRequest.m */ = {isa = PBXFileReference; name = "GCDWebServerURLEncodedFormRequest.m"; path = "cordova-plugin-ionic-webview/GCDWebServerURLEncodedFormRequest.m"; sourceTree = "<group>"; fileEncoding = 4; lastKnownFileType = sourcecode.c.objc; explicitFileType = undefined; includeInIndex = 0; };
		3373DE66230D4A9FA4A428D7 /* GCDWebServerDataResponse.m */ = {isa = PBXFileReference; name = "GCDWebServerDataResponse.m"; path = "cordova-plugin-ionic-webview/GCDWebServerDataResponse.m"; sourceTree = "<group>"; fileEncoding = 4; lastKnownFileType = sourcecode.c.objc; explicitFileType = undefined; includeInIndex = 0; };
		E9D16400B5A34B2682A1AFB0 /* GCDWebServerErrorResponse.m */ = {isa = PBXFileReference; name = "GCDWebServerErrorResponse.m"; path = "cordova-plugin-ionic-webview/GCDWebServerErrorResponse.m"; sourceTree = "<group>"; fileEncoding = 4; lastKnownFileType = sourcecode.c.objc; explicitFileType = undefined; includeInIndex = 0; };
		3DBA484649C8426C8248D492 /* GCDWebServerFileResponse.m */ = {isa = PBXFileReference; name = "GCDWebServerFileResponse.m"; path = "cordova-plugin-ionic-webview/GCDWebServerFileResponse.m"; sourceTree = "<group>"; fileEncoding = 4; lastKnownFileType = sourcecode.c.objc; explicitFileType = undefined; includeInIndex = 0; };
		A1A6FB920A2B4F2AB36CBD7F /* GCDWebServerStreamedResponse.m */ = {isa = PBXFileReference; name = "GCDWebServerStreamedResponse.m"; path = "cordova-plugin-ionic-webview/GCDWebServerStreamedResponse.m"; sourceTree = "<group>"; fileEncoding = 4; lastKnownFileType = sourcecode.c.objc; explicitFileType = undefined; includeInIndex = 0; };
		93C3E5CCD33F4C1F953D4DFD /* CDVWKWebViewEngine.h */ = {isa = PBXFileReference; name = "CDVWKWebViewEngine.h"; path = "cordova-plugin-ionic-webview/CDVWKWebViewEngine.h"; sourceTree = "<group>"; fileEncoding = 4; lastKnownFileType = sourcecode.c.h; explicitFileType = undefined; includeInIndex = 0; };
		9D3AB6AE0F5940BC86EB6847 /* CDVWKWebViewUIDelegate.h */ = {isa = PBXFileReference; name = "CDVWKWebViewUIDelegate.h"; path = "cordova-plugin-ionic-webview/CDVWKWebViewUIDelegate.h"; sourceTree = "<group>"; fileEncoding = 4; lastKnownFileType = sourcecode.c.h; explicitFileType = undefined; includeInIndex = 0; };
		3DB4B678C43B4CFBA0CB2AAA /* CDVWKProcessPoolFactory.h */ = {isa = PBXFileReference; name = "CDVWKProcessPoolFactory.h"; path = "cordova-plugin-ionic-webview/CDVWKProcessPoolFactory.h"; sourceTree = "<group>"; fileEncoding = 4; lastKnownFileType = sourcecode.c.h; explicitFileType = undefined; includeInIndex = 0; };
		1C265522B5F945A584CF34B8 /* GCDWebServer.h */ = {isa = PBXFileReference; name = "GCDWebServer.h"; path = "cordova-plugin-ionic-webview/GCDWebServer.h"; sourceTree = "<group>"; fileEncoding = 4; lastKnownFileType = sourcecode.c.h; explicitFileType = undefined; includeInIndex = 0; };
		FD0AEAD6CAC8433EAC51E12D /* GCDWebServerConnection.h */ = {isa = PBXFileReference; name = "GCDWebServerConnection.h"; path = "cordova-plugin-ionic-webview/GCDWebServerConnection.h"; sourceTree = "<group>"; fileEncoding = 4; lastKnownFileType = sourcecode.c.h; explicitFileType = undefined; includeInIndex = 0; };
		ECC80107C9CE42269050C684 /* GCDWebServerFunctions.h */ = {isa = PBXFileReference; name = "GCDWebServerFunctions.h"; path = "cordova-plugin-ionic-webview/GCDWebServerFunctions.h"; sourceTree = "<group>"; fileEncoding = 4; lastKnownFileType = sourcecode.c.h; explicitFileType = undefined; includeInIndex = 0; };
		F634A3A23756440BB6D5C436 /* GCDWebServerHTTPStatusCodes.h */ = {isa = PBXFileReference; name = "GCDWebServerHTTPStatusCodes.h"; path = "cordova-plugin-ionic-webview/GCDWebServerHTTPStatusCodes.h"; sourceTree = "<group>"; fileEncoding = 4; lastKnownFileType = sourcecode.c.h; explicitFileType = undefined; includeInIndex = 0; };
		0BD0C6322B6748939041E2B5 /* GCDWebServerPrivate.h */ = {isa = PBXFileReference; name = "GCDWebServerPrivate.h"; path = "cordova-plugin-ionic-webview/GCDWebServerPrivate.h"; sourceTree = "<group>"; fileEncoding = 4; lastKnownFileType = sourcecode.c.h; explicitFileType = undefined; includeInIndex = 0; };
		7B13F4C7AE27412AA28E6A21 /* GCDWebServerRequest.h */ = {isa = PBXFileReference; name = "GCDWebServerRequest.h"; path = "cordova-plugin-ionic-webview/GCDWebServerRequest.h"; sourceTree = "<group>"; fileEncoding = 4; lastKnownFileType = sourcecode.c.h; explicitFileType = undefined; includeInIndex = 0; };
		38FE145C217F4F6EAED56386 /* GCDWebServerResponse.h */ = {isa = PBXFileReference; name = "GCDWebServerResponse.h"; path = "cordova-plugin-ionic-webview/GCDWebServerResponse.h"; sourceTree = "<group>"; fileEncoding = 4; lastKnownFileType = sourcecode.c.h; explicitFileType = undefined; includeInIndex = 0; };
		2D6FDFBE9FCF4F2189E05158 /* GCDWebServerDataRequest.h */ = {isa = PBXFileReference; name = "GCDWebServerDataRequest.h"; path = "cordova-plugin-ionic-webview/GCDWebServerDataRequest.h"; sourceTree = "<group>"; fileEncoding = 4; lastKnownFileType = sourcecode.c.h; explicitFileType = undefined; includeInIndex = 0; };
		817D9A0BEC7C483F82AD659D /* GCDWebServerFileRequest.h */ = {isa = PBXFileReference; name = "GCDWebServerFileRequest.h"; path = "cordova-plugin-ionic-webview/GCDWebServerFileRequest.h"; sourceTree = "<group>"; fileEncoding = 4; lastKnownFileType = sourcecode.c.h; explicitFileType = undefined; includeInIndex = 0; };
		3A40D93B48D8491CBEC329B0 /* GCDWebServerMultiPartFormRequest.h */ = {isa = PBXFileReference; name = "GCDWebServerMultiPartFormRequest.h"; path = "cordova-plugin-ionic-webview/GCDWebServerMultiPartFormRequest.h"; sourceTree = "<group>"; fileEncoding = 4; lastKnownFileType = sourcecode.c.h; explicitFileType = undefined; includeInIndex = 0; };
		B4BDBECAB2AB4964A8AB2F12 /* GCDWebServerURLEncodedFormRequest.h */ = {isa = PBXFileReference; name = "GCDWebServerURLEncodedFormRequest.h"; path = "cordova-plugin-ionic-webview/GCDWebServerURLEncodedFormRequest.h"; sourceTree = "<group>"; fileEncoding = 4; lastKnownFileType = sourcecode.c.h; explicitFileType = undefined; includeInIndex = 0; };
		E4BCA975B62E41DB9FCF1F2A /* GCDWebServerDataResponse.h */ = {isa = PBXFileReference; name = "GCDWebServerDataResponse.h"; path = "cordova-plugin-ionic-webview/GCDWebServerDataResponse.h"; sourceTree = "<group>"; fileEncoding = 4; lastKnownFileType = sourcecode.c.h; explicitFileType = undefined; includeInIndex = 0; };
		7D61F80808634B8DA66FD355 /* GCDWebServerErrorResponse.h */ = {isa = PBXFileReference; name = "GCDWebServerErrorResponse.h"; path = "cordova-plugin-ionic-webview/GCDWebServerErrorResponse.h"; sourceTree = "<group>"; fileEncoding = 4; lastKnownFileType = sourcecode.c.h; explicitFileType = undefined; includeInIndex = 0; };
		A323E62BF99B4E109B6EBF24 /* GCDWebServerFileResponse.h */ = {isa = PBXFileReference; name = "GCDWebServerFileResponse.h"; path = "cordova-plugin-ionic-webview/GCDWebServerFileResponse.h"; sourceTree = "<group>"; fileEncoding = 4; lastKnownFileType = sourcecode.c.h; explicitFileType = undefined; includeInIndex = 0; };
		33BFDED9337A4A53A2596B63 /* GCDWebServerStreamedResponse.h */ = {isa = PBXFileReference; name = "GCDWebServerStreamedResponse.h"; path = "cordova-plugin-ionic-webview/GCDWebServerStreamedResponse.h"; sourceTree = "<group>"; fileEncoding = 4; lastKnownFileType = sourcecode.c.h; explicitFileType = undefined; includeInIndex = 0; };
		874D0DD6080A41BBBC6F584F /* WebKit.framework */ = {isa = PBXFileReference; name = "WebKit.framework"; path = "System/Library/Frameworks/WebKit.framework"; sourceTree = SDKROOT; fileEncoding = undefined; lastKnownFileType = wrapper.framework; explicitFileType = undefined; includeInIndex = 0; };
		8F5AEE05022F4BEABA6EE6D6 /* libz.tbd */ = {isa = PBXFileReference; name = "libz.tbd"; path = "usr/lib/libz.tbd"; sourceTree = SDKROOT; fileEncoding = undefined; lastKnownFileType = sourcecode.text-based-dylib-definition; explicitFileType = undefined; includeInIndex = 0; };
		FF92BF68C47941B995E534DA /* CDVSplashScreen.m */ = {isa = PBXFileReference; name = "CDVSplashScreen.m"; path = "cordova-plugin-splashscreen/CDVSplashScreen.m"; sourceTree = "<group>"; fileEncoding = 4; lastKnownFileType = sourcecode.c.objc; explicitFileType = undefined; includeInIndex = 0; };
		BA7F8C624A2E4B79B1F346A2 /* CDVViewController+SplashScreen.m */ = {isa = PBXFileReference; name = "CDVViewController+SplashScreen.m"; path = "cordova-plugin-splashscreen/CDVViewController+SplashScreen.m"; sourceTree = "<group>"; fileEncoding = 4; lastKnownFileType = sourcecode.c.objc; explicitFileType = undefined; includeInIndex = 0; };
		3EF519B82374440EB5F2D7E9 /* CDVSplashScreen.h */ = {isa = PBXFileReference; name = "CDVSplashScreen.h"; path = "cordova-plugin-splashscreen/CDVSplashScreen.h"; sourceTree = "<group>"; fileEncoding = 4; lastKnownFileType = sourcecode.c.h; explicitFileType = undefined; includeInIndex = 0; };
		8BE4460DBACA431896933F1A /* CDVViewController+SplashScreen.h */ = {isa = PBXFileReference; name = "CDVViewController+SplashScreen.h"; path = "cordova-plugin-splashscreen/CDVViewController+SplashScreen.h"; sourceTree = "<group>"; fileEncoding = 4; lastKnownFileType = sourcecode.c.h; explicitFileType = undefined; includeInIndex = 0; };
		C94F60C12281466489C23197 /* IonicKeyboard.m */ = {isa = PBXFileReference; name = "IonicKeyboard.m"; path = "ionic-plugin-keyboard/IonicKeyboard.m"; sourceTree = "<group>"; fileEncoding = 4; lastKnownFileType = sourcecode.c.objc; explicitFileType = undefined; includeInIndex = 0; };
		A4BB041079214695AC7230E2 /* IonicKeyboard.h */ = {isa = PBXFileReference; name = "IonicKeyboard.h"; path = "ionic-plugin-keyboard/IonicKeyboard.h"; sourceTree = "<group>"; fileEncoding = 4; lastKnownFileType = sourcecode.c.h; explicitFileType = undefined; includeInIndex = 0; };
		9B66F71DFDD9499989F73111 /* AppDelegate+notification.m */ = {isa = PBXFileReference; name = "AppDelegate+notification.m"; path = "phonegap-plugin-push/AppDelegate+notification.m"; sourceTree = "<group>"; fileEncoding = 4; lastKnownFileType = sourcecode.c.objc; explicitFileType = undefined; includeInIndex = 0; };
		12AF7745956D4861850196A1 /* PushPlugin.m */ = {isa = PBXFileReference; name = "PushPlugin.m"; path = "phonegap-plugin-push/PushPlugin.m"; sourceTree = "<group>"; fileEncoding = 4; lastKnownFileType = sourcecode.c.objc; explicitFileType = undefined; includeInIndex = 0; };
		9EBD68F4CE4B4F80B4FF4403 /* AppDelegate+notification.h */ = {isa = PBXFileReference; name = "AppDelegate+notification.h"; path = "phonegap-plugin-push/AppDelegate+notification.h"; sourceTree = "<group>"; fileEncoding = 4; lastKnownFileType = sourcecode.c.h; explicitFileType = undefined; includeInIndex = 0; };
		15C6B50E10744F83AC9E5CC5 /* PushPlugin.h */ = {isa = PBXFileReference; name = "PushPlugin.h"; path = "phonegap-plugin-push/PushPlugin.h"; sourceTree = "<group>"; fileEncoding = 4; lastKnownFileType = sourcecode.c.h; explicitFileType = undefined; includeInIndex = 0; };
		C78975AA9FFD43BCA3E26D16 /* FCMPlugin.m */ = {isa = PBXFileReference; name = "FCMPlugin.m"; path = "cordova-plugin-fcm/FCMPlugin.m"; sourceTree = "<group>"; fileEncoding = 4; lastKnownFileType = sourcecode.c.objc; explicitFileType = undefined; includeInIndex = 0; };
		FF03C10ED50940368F0D0BE9 /* AppDelegate+FCMPlugin.m */ = {isa = PBXFileReference; name = "AppDelegate+FCMPlugin.m"; path = "cordova-plugin-fcm/AppDelegate+FCMPlugin.m"; sourceTree = "<group>"; fileEncoding = 4; lastKnownFileType = sourcecode.c.objc; explicitFileType = undefined; includeInIndex = 0; };
		219B6583F1AF4369AADE08BE /* FCMPlugin.h */ = {isa = PBXFileReference; name = "FCMPlugin.h"; path = "cordova-plugin-fcm/FCMPlugin.h"; sourceTree = "<group>"; fileEncoding = 4; lastKnownFileType = sourcecode.c.h; explicitFileType = undefined; includeInIndex = 0; };
		1E4FB9EE7594498C9A9F5245 /* AppDelegate+FCMPlugin.h */ = {isa = PBXFileReference; name = "AppDelegate+FCMPlugin.h"; path = "cordova-plugin-fcm/AppDelegate+FCMPlugin.h"; sourceTree = "<group>"; fileEncoding = 4; lastKnownFileType = sourcecode.c.h; explicitFileType = undefined; includeInIndex = 0; };
		EF8EFBDA6D904A4B87EF7558 /* Firebase.h */ = {isa = PBXFileReference; name = "Firebase.h"; path = "cordova-plugin-fcm/Firebase.h"; sourceTree = "<group>"; fileEncoding = 4; lastKnownFileType = sourcecode.c.h; explicitFileType = undefined; includeInIndex = 0; };
		A424D7F5447A4189B99F3758 /* GoogleService-Info.plist */ = {isa = PBXFileReference; name = "GoogleService-Info.plist"; path = "Resources/GoogleService-Info.plist"; sourceTree = "<group>"; fileEncoding = 4; lastKnownFileType = text.plist.xml; explicitFileType = undefined; includeInIndex = 0; };
		DCB0926F4124402DB717F7DD /* FirebaseAnalytics.framework */ = {isa = PBXFileReference; name = "FirebaseAnalytics.framework"; path = "test 1/Plugins/cordova-plugin-fcm/FirebaseAnalytics.framework"; sourceTree = "<group>"; fileEncoding = undefined; lastKnownFileType = wrapper.framework; explicitFileType = undefined; includeInIndex = 0; };
		BB7B35C82E8642E89A5D6580 /* FirebaseCore.framework */ = {isa = PBXFileReference; name = "FirebaseCore.framework"; path = "test 1/Plugins/cordova-plugin-fcm/FirebaseCore.framework"; sourceTree = "<group>"; fileEncoding = undefined; lastKnownFileType = wrapper.framework; explicitFileType = undefined; includeInIndex = 0; };
		DE99E599D3BE4B5FBA1723E7 /* FirebaseInstanceID.framework */ = {isa = PBXFileReference; name = "FirebaseInstanceID.framework"; path = "test 1/Plugins/cordova-plugin-fcm/FirebaseInstanceID.framework"; sourceTree = "<group>"; fileEncoding = undefined; lastKnownFileType = wrapper.framework; explicitFileType = undefined; includeInIndex = 0; };
		71C8A2AA4A484DFAA8D943E9 /* FirebaseMessaging.framework */ = {isa = PBXFileReference; name = "FirebaseMessaging.framework"; path = "test 1/Plugins/cordova-plugin-fcm/FirebaseMessaging.framework"; sourceTree = "<group>"; fileEncoding = undefined; lastKnownFileType = wrapper.framework; explicitFileType = undefined; includeInIndex = 0; };
		CC367FE6FAD640E29F8EE386 /* GoogleInterchangeUtilities.framework */ = {isa = PBXFileReference; name = "GoogleInterchangeUtilities.framework"; path = "test 1/Plugins/cordova-plugin-fcm/GoogleInterchangeUtilities.framework"; sourceTree = "<group>"; fileEncoding = undefined; lastKnownFileType = wrapper.framework; explicitFileType = undefined; includeInIndex = 0; };
		A4AE70BC66B04ADCA6836809 /* GoogleIPhoneUtilities.framework */ = {isa = PBXFileReference; name = "GoogleIPhoneUtilities.framework"; path = "test 1/Plugins/cordova-plugin-fcm/GoogleIPhoneUtilities.framework"; sourceTree = "<group>"; fileEncoding = undefined; lastKnownFileType = wrapper.framework; explicitFileType = undefined; includeInIndex = 0; };
		5D173A787DCD46E4806E96E1 /* GoogleSymbolUtilities.framework */ = {isa = PBXFileReference; name = "GoogleSymbolUtilities.framework"; path = "test 1/Plugins/cordova-plugin-fcm/GoogleSymbolUtilities.framework"; sourceTree = "<group>"; fileEncoding = undefined; lastKnownFileType = wrapper.framework; explicitFileType = undefined; includeInIndex = 0; };
		258B0F93530B462C90558EBF /* GoogleUtilities.framework */ = {isa = PBXFileReference; name = "GoogleUtilities.framework"; path = "test 1/Plugins/cordova-plugin-fcm/GoogleUtilities.framework"; sourceTree = "<group>"; fileEncoding = undefined; lastKnownFileType = wrapper.framework; explicitFileType = undefined; includeInIndex = 0; };
		65C178EA22184A58BEA5ABBB /* libc++.tbd */ = {isa = PBXFileReference; name = "libc++.tbd"; path = "usr/lib/libc++.tbd"; sourceTree = SDKROOT; fileEncoding = undefined; lastKnownFileType = sourcecode.text-based-dylib-definition; explicitFileType = undefined; includeInIndex = 0; };
		E502D6CBA0F2415E8069D62D /* AddressBook.framework */ = {isa = PBXFileReference; name = "AddressBook.framework"; path = "System/Library/Frameworks/AddressBook.framework"; sourceTree = SDKROOT; fileEncoding = undefined; lastKnownFileType = wrapper.framework; explicitFileType = undefined; includeInIndex = 0; };
		E3C3670A3F7C428AAD4D0994 /* libsqlite3.0.tbd */ = {isa = PBXFileReference; name = "libsqlite3.0.tbd"; path = "usr/lib/libsqlite3.0.tbd"; sourceTree = SDKROOT; fileEncoding = undefined; lastKnownFileType = sourcecode.text-based-dylib-definition; explicitFileType = undefined; includeInIndex = 0; };
		EA77BC5783D14429A4830577 /* Security.framework */ = {isa = PBXFileReference; name = "Security.framework"; path = "System/Library/Frameworks/Security.framework"; sourceTree = SDKROOT; fileEncoding = undefined; lastKnownFileType = wrapper.framework; explicitFileType = undefined; includeInIndex = 0; };
/* End PBXFileReference section */

/* Begin PBXFrameworksBuildPhase section */
		1D60588F0D05DD3D006BFB54 /* Frameworks */ = {
			isa = PBXFrameworksBuildPhase;
			buildActionMask = 2147483647;
			files = (
				301BF552109A68D80062928A /* libCordova.a in Frameworks */,
				13247C3C3D1141B58C96DBD0 /* WebKit.framework in Frameworks */,
				915B5D49B8EF486BB02D476C /* libz.tbd in Frameworks */,
				E507708D0C164C2893299E97 /* FirebaseAnalytics.framework in Frameworks */,
				5FAA006760624EE6A337A182 /* FirebaseCore.framework in Frameworks */,
				FC017434972E4D37BC0EFC54 /* FirebaseInstanceID.framework in Frameworks */,
				71DBC38383924FD38D2D54FE /* FirebaseMessaging.framework in Frameworks */,
				7E0525FEE2E547F49AB113D2 /* GoogleInterchangeUtilities.framework in Frameworks */,
				EC35278370C14E558CD4DA8C /* GoogleIPhoneUtilities.framework in Frameworks */,
				57640C0652314BB3AFFABADE /* GoogleSymbolUtilities.framework in Frameworks */,
				8DAB2378B0E940BCAC4AFC7F /* GoogleUtilities.framework in Frameworks */,
				D1C753D4E8B64053B4E0FE20 /* libc++.tbd in Frameworks */,
				42E771FC39444C31B1606EA5 /* AddressBook.framework in Frameworks */,
				3EE30C9FB6B94D62894A2E28 /* libsqlite3.0.tbd in Frameworks */,
				E16DA5BFF05D4D048FBD0F12 /* Security.framework in Frameworks */,
			);
			runOnlyForDeploymentPostprocessing = 0;
		};
/* End PBXFrameworksBuildPhase section */

/* Begin PBXGroup section */
		080E96DDFE201D6D7F000001 /* Classes */ = {
			isa = PBXGroup;
			children = (
				302D95EE14D2391D003F00A1 /* MainViewController.h */,
				302D95EF14D2391D003F00A1 /* MainViewController.m */,
				302D95F014D2391D003F00A1 /* MainViewController.xib */,
				1D3623240D0F684500981E51 /* AppDelegate.h */,
				1D3623250D0F684500981E51 /* AppDelegate.m */,
			);
			name = Classes;
			path = "test 1/Classes";
			sourceTree = SOURCE_ROOT;
		};
		19C28FACFE9D520D11CA2CBB /* Products */ = {
			isa = PBXGroup;
			children = (
				1D6058910D05DD3D006BFB54 /* test 1.app */,
			);
			name = Products;
			sourceTree = "<group>";
		};
		29B97314FDCFA39411CA2CEA /* CustomTemplate */ = {
			isa = PBXGroup;
			children = (
				EB87FDF41871DAF40020F90C /* config.xml */,
				EB87FDF31871DA8E0020F90C /* www */,
				EB87FDF11871DA420020F90C /* Staging */,
				301BF52D109A57CC0062928A /* CordovaLib.xcodeproj */,
				080E96DDFE201D6D7F000001 /* Classes */,
				307C750510C5A3420062BCA9 /* Plugins */,
				29B97315FDCFA39411CA2CEA /* Other Sources */,
				29B97317FDCFA39411CA2CEA /* Resources */,
				29B97323FDCFA39411CA2CEA /* Frameworks */,
				19C28FACFE9D520D11CA2CBB /* Products */,
			);
			name = CustomTemplate;
			sourceTree = "<group>";
		};
		29B97315FDCFA39411CA2CEA /* Other Sources */ = {
			isa = PBXGroup;
			children = (
				32CA4F630368D1EE00C91783 /* test 1-Prefix.pch */,
				29B97316FDCFA39411CA2CEA /* main.m */,
				ED33DF2A687741AEAF9F8254 /* Bridging-Header.h */,
			);
			name = "Other Sources";
			path = "test 1";
			sourceTree = "<group>";
		};
		29B97317FDCFA39411CA2CEA /* Resources */ = {
			isa = PBXGroup;
			children = (
				0207DA571B56EA530066E2B4 /* Images.xcassets */,
				3047A50E1AB8057F00498E2A /* config */,
				8D1107310486CEB800E47090 /* test 1-Info.plist */,
				6AFF5BF81D6E424B00AB3073 /* CDVLaunchScreen.storyboard */,
				A424D7F5447A4189B99F3758 /* GoogleService-Info.plist */,
			);
			name = Resources;
			path = "test 1/Resources";
			sourceTree = "<group>";
		};
		29B97323FDCFA39411CA2CEA /* Frameworks */ = {
			isa = PBXGroup;
			children = (
				874D0DD6080A41BBBC6F584F /* WebKit.framework */,
				8F5AEE05022F4BEABA6EE6D6 /* libz.tbd */,
				DCB0926F4124402DB717F7DD /* FirebaseAnalytics.framework */,
				BB7B35C82E8642E89A5D6580 /* FirebaseCore.framework */,
				DE99E599D3BE4B5FBA1723E7 /* FirebaseInstanceID.framework */,
				71C8A2AA4A484DFAA8D943E9 /* FirebaseMessaging.framework */,
				CC367FE6FAD640E29F8EE386 /* GoogleInterchangeUtilities.framework */,
				A4AE70BC66B04ADCA6836809 /* GoogleIPhoneUtilities.framework */,
				5D173A787DCD46E4806E96E1 /* GoogleSymbolUtilities.framework */,
				258B0F93530B462C90558EBF /* GoogleUtilities.framework */,
				65C178EA22184A58BEA5ABBB /* libc++.tbd */,
				E502D6CBA0F2415E8069D62D /* AddressBook.framework */,
				E3C3670A3F7C428AAD4D0994 /* libsqlite3.0.tbd */,
				EA77BC5783D14429A4830577 /* Security.framework */,
			);
			name = Frameworks;
			sourceTree = "<group>";
		};
		301BF52E109A57CC0062928A /* Products */ = {
			isa = PBXGroup;
			children = (
				301BF535109A57CC0062928A /* libCordova.a */,
			);
			name = Products;
			sourceTree = "<group>";
		};
		3047A50E1AB8057F00498E2A /* config */ = {
			isa = PBXGroup;
			children = (
				3047A50F1AB8059700498E2A /* build-debug.xcconfig */,
				3047A5101AB8059700498E2A /* build-release.xcconfig */,
				3047A5111AB8059700498E2A /* build.xcconfig */,
			);
			name = config;
			sourceTree = "<group>";
		};
		307C750510C5A3420062BCA9 /* Plugins */ = {
			isa = PBXGroup;
			children = (
				5DA36624052E43639FBFAA9B /* CDVDevice.m */,
				C80B2231E875478883CF1916 /* CDVDevice.h */,
				C4024E51C6A54AF59A368BE8 /* CDVWKWebViewEngine.m */,
				4C89202B002B48778B688660 /* CDVWKWebViewUIDelegate.m */,
				D84B7CBF92A54485A0E9E93B /* CDVWKProcessPoolFactory.m */,
				4FB40DE1D4FB447888A4D547 /* GCDWebServer.m */,
				65E7B810AFC94245B3EF555C /* GCDWebServerConnection.m */,
				91F15A5C5A3B495E924AF447 /* GCDWebServerFunctions.m */,
				DEC7E62F6495418F88C80B33 /* GCDWebServerRequest.m */,
				C69DE6284E6E4D84BA6BE907 /* GCDWebServerResponse.m */,
				892B087B5AE0475796ABEF55 /* GCDWebServerDataRequest.m */,
				9EAC19A4898749C984EFE831 /* GCDWebServerFileRequest.m */,
				FE12D1A2FF9844DF970B54BD /* GCDWebServerMultiPartFormRequest.m */,
				050CA1AC0D754E28BC05BF4A /* GCDWebServerURLEncodedFormRequest.m */,
				3373DE66230D4A9FA4A428D7 /* GCDWebServerDataResponse.m */,
				E9D16400B5A34B2682A1AFB0 /* GCDWebServerErrorResponse.m */,
				3DBA484649C8426C8248D492 /* GCDWebServerFileResponse.m */,
				A1A6FB920A2B4F2AB36CBD7F /* GCDWebServerStreamedResponse.m */,
				93C3E5CCD33F4C1F953D4DFD /* CDVWKWebViewEngine.h */,
				9D3AB6AE0F5940BC86EB6847 /* CDVWKWebViewUIDelegate.h */,
				3DB4B678C43B4CFBA0CB2AAA /* CDVWKProcessPoolFactory.h */,
				1C265522B5F945A584CF34B8 /* GCDWebServer.h */,
				FD0AEAD6CAC8433EAC51E12D /* GCDWebServerConnection.h */,
				ECC80107C9CE42269050C684 /* GCDWebServerFunctions.h */,
				F634A3A23756440BB6D5C436 /* GCDWebServerHTTPStatusCodes.h */,
				0BD0C6322B6748939041E2B5 /* GCDWebServerPrivate.h */,
				7B13F4C7AE27412AA28E6A21 /* GCDWebServerRequest.h */,
				38FE145C217F4F6EAED56386 /* GCDWebServerResponse.h */,
				2D6FDFBE9FCF4F2189E05158 /* GCDWebServerDataRequest.h */,
				817D9A0BEC7C483F82AD659D /* GCDWebServerFileRequest.h */,
				3A40D93B48D8491CBEC329B0 /* GCDWebServerMultiPartFormRequest.h */,
				B4BDBECAB2AB4964A8AB2F12 /* GCDWebServerURLEncodedFormRequest.h */,
				E4BCA975B62E41DB9FCF1F2A /* GCDWebServerDataResponse.h */,
				7D61F80808634B8DA66FD355 /* GCDWebServerErrorResponse.h */,
				A323E62BF99B4E109B6EBF24 /* GCDWebServerFileResponse.h */,
				33BFDED9337A4A53A2596B63 /* GCDWebServerStreamedResponse.h */,
				FF92BF68C47941B995E534DA /* CDVSplashScreen.m */,
				BA7F8C624A2E4B79B1F346A2 /* CDVViewController+SplashScreen.m */,
				3EF519B82374440EB5F2D7E9 /* CDVSplashScreen.h */,
				8BE4460DBACA431896933F1A /* CDVViewController+SplashScreen.h */,
				C94F60C12281466489C23197 /* IonicKeyboard.m */,
				A4BB041079214695AC7230E2 /* IonicKeyboard.h */,
				9B66F71DFDD9499989F73111 /* AppDelegate+notification.m */,
				12AF7745956D4861850196A1 /* PushPlugin.m */,
				9EBD68F4CE4B4F80B4FF4403 /* AppDelegate+notification.h */,
				15C6B50E10744F83AC9E5CC5 /* PushPlugin.h */,
				C78975AA9FFD43BCA3E26D16 /* FCMPlugin.m */,
				FF03C10ED50940368F0D0BE9 /* AppDelegate+FCMPlugin.m */,
				219B6583F1AF4369AADE08BE /* FCMPlugin.h */,
				1E4FB9EE7594498C9A9F5245 /* AppDelegate+FCMPlugin.h */,
				EF8EFBDA6D904A4B87EF7558 /* Firebase.h */,
			);
			name = Plugins;
			path = "test 1/Plugins";
			sourceTree = SOURCE_ROOT;
		};
		EB87FDF11871DA420020F90C /* Staging */ = {
			isa = PBXGroup;
			children = (
				F840E1F0165FE0F500CFE078 /* config.xml */,
				301BF56E109A69640062928A /* www */,
			);
			name = Staging;
			sourceTree = "<group>";
		};
/* End PBXGroup section */

/* Begin PBXNativeTarget section */
		1D6058900D05DD3D006BFB54 /* test 1 */ = {
			isa = PBXNativeTarget;
			buildConfigurationList = 1D6058960D05DD3E006BFB54 /* Build configuration list for PBXNativeTarget "test 1" */;
			buildPhases = (
				304B58A110DAC018002A0835 /* Copy www directory */,
				1D60588D0D05DD3D006BFB54 /* Resources */,
				1D60588E0D05DD3D006BFB54 /* Sources */,
				1D60588F0D05DD3D006BFB54 /* Frameworks */,
			);
			buildRules = (
			);
			dependencies = (
				301BF551109A68C00062928A /* PBXTargetDependency */,
			);
			name = "test 1";
			productName = "test 1";
			productReference = 1D6058910D05DD3D006BFB54 /* test 1.app */;
			productType = "com.apple.product-type.application";
		};
/* End PBXNativeTarget section */

/* Begin PBXProject section */
		29B97313FDCFA39411CA2CEA /* Project object */ = {
			isa = PBXProject;
			attributes = {
				LastUpgradeCheck = 510;
			};
			buildConfigurationList = C01FCF4E08A954540054247B /* Build configuration list for PBXProject "__NON-CLI__" */;
			compatibilityVersion = "Xcode 3.2";
			developmentRegion = English;
			hasScannedForEncodings = 1;
			mainGroup = 29B97314FDCFA39411CA2CEA /* CustomTemplate */;
			projectDirPath = "";
			projectReferences = (
				{
					ProductGroup = 301BF52E109A57CC0062928A /* Products */;
					ProjectRef = 301BF52D109A57CC0062928A /* CordovaLib.xcodeproj */;
				},
			);
			projectRoot = "";
			targets = (
				1D6058900D05DD3D006BFB54 /* test 1 */,
			);
		};
/* End PBXProject section */

/* Begin PBXReferenceProxy section */
		301BF535109A57CC0062928A /* libCordova.a */ = {
			isa = PBXReferenceProxy;
			fileType = archive.ar;
			path = libCordova.a;
			remoteRef = 301BF534109A57CC0062928A /* PBXContainerItemProxy */;
			sourceTree = BUILT_PRODUCTS_DIR;
		};
/* End PBXReferenceProxy section */

/* Begin PBXResourcesBuildPhase section */
		1D60588D0D05DD3D006BFB54 /* Resources */ = {
			isa = PBXResourcesBuildPhase;
			buildActionMask = 2147483647;
			files = (
				302D95F214D2391D003F00A1 /* MainViewController.xib in Resources */,
				0207DA581B56EA530066E2B4 /* Images.xcassets in Resources */,
				6AFF5BF91D6E424B00AB3073 /* CDVLaunchScreen.storyboard in Resources */,
				31801BB949B84722BA76F0BB /* GoogleService-Info.plist in Resources */,
			);
			runOnlyForDeploymentPostprocessing = 0;
		};
/* End PBXResourcesBuildPhase section */

/* Begin PBXShellScriptBuildPhase section */
		304B58A110DAC018002A0835 /* Copy www directory */ = {
			isa = PBXShellScriptBuildPhase;
			buildActionMask = 2147483647;
			files = (
			);
			inputPaths = (
			);
			name = "Copy www directory";
			outputPaths = (
			);
			runOnlyForDeploymentPostprocessing = 0;
			shellPath = /bin/sh;
			shellScript = "NODEJS_PATH=/usr/local/bin; NVM_NODE_PATH=~/.nvm/versions/node/`nvm version 2>/dev/null`/bin; N_NODE_PATH=`find /usr/local/n/versions/node/* -maxdepth 0 -type d 2>/dev/null | tail -1`/bin; XCODE_NODE_PATH=`xcode-select --print-path`/usr/share/xcs/Node/bin; PATH=$NODEJS_PATH:$NVM_NODE_PATH:$N_NODE_PATH:$XCODE_NODE_PATH:$PATH && node cordova/lib/copy-www-build-step.js";
			showEnvVarsInLog = 0;
		};
/* End PBXShellScriptBuildPhase section */

/* Begin PBXSourcesBuildPhase section */
		1D60588E0D05DD3D006BFB54 /* Sources */ = {
			isa = PBXSourcesBuildPhase;
			buildActionMask = 2147483647;
			files = (
				1D60589B0D05DD56006BFB54 /* main.m in Sources */,
				1D3623260D0F684500981E51 /* AppDelegate.m in Sources */,
				302D95F114D2391D003F00A1 /* MainViewController.m in Sources */,
				3C37C3B4E00B4716844FA060 /* CDVDevice.m in Sources */,
				CF2FD78CC9E4402491B9C7F2 /* CDVWKWebViewEngine.m in Sources */,
				EEC5291F38BF4D8098E99EEA /* CDVWKWebViewUIDelegate.m in Sources */,
				565D6F57183E4689858D7301 /* CDVWKProcessPoolFactory.m in Sources */,
				C6DBF8F5546E4712B4128E72 /* GCDWebServer.m in Sources */,
				3FA4B9927B8242E8B26B3122 /* GCDWebServerConnection.m in Sources */,
				E51A565BD052432A873E2B21 /* GCDWebServerFunctions.m in Sources */,
				93C8CD01295440D2BB4066B0 /* GCDWebServerRequest.m in Sources */,
				893876A3508A4D11A64A8B66 /* GCDWebServerResponse.m in Sources */,
				D90B124879C24EC2B6F5D233 /* GCDWebServerDataRequest.m in Sources */,
				C484E62833974C43BEBB75EF /* GCDWebServerFileRequest.m in Sources */,
				AEA0369896AD45F39F86DF72 /* GCDWebServerMultiPartFormRequest.m in Sources */,
				4D3EB3458D8C4DC69EA7E108 /* GCDWebServerURLEncodedFormRequest.m in Sources */,
				6C3EADB4E73744E2A4E3E6C9 /* GCDWebServerDataResponse.m in Sources */,
				2C81BDDED3DB491BA2361BAE /* GCDWebServerErrorResponse.m in Sources */,
				63D7D68C618F4BE0857214B4 /* GCDWebServerFileResponse.m in Sources */,
				DC7F682F633A408498540572 /* GCDWebServerStreamedResponse.m in Sources */,
				36E7894448264A91AF253085 /* CDVSplashScreen.m in Sources */,
				00D034B8C8694F609F7BBB0D /* CDVViewController+SplashScreen.m in Sources */,
				FE349A3DAAE14ACC8EBA8E39 /* IonicKeyboard.m in Sources */,
				0DB5C08D6DB84D7FA0F6190A /* AppDelegate+notification.m in Sources */,
				19600A2ECBCB4C0EB5CA92BD /* PushPlugin.m in Sources */,
				0CB458EFC2CE4E4DB1C66E6C /* FCMPlugin.m in Sources */,
				4C755F079BFA4584B9CB6115 /* AppDelegate+FCMPlugin.m in Sources */,
			);
			runOnlyForDeploymentPostprocessing = 0;
		};
/* End PBXSourcesBuildPhase section */

/* Begin PBXTargetDependency section */
		301BF551109A68C00062928A /* PBXTargetDependency */ = {
			isa = PBXTargetDependency;
			name = CordovaLib;
			targetProxy = 301BF550109A68C00062928A /* PBXContainerItemProxy */;
		};
/* End PBXTargetDependency section */

/* Begin XCBuildConfiguration section */
		1D6058940D05DD3E006BFB54 /* Debug */ = {
			isa = XCBuildConfiguration;
			baseConfigurationReference = 3047A50F1AB8059700498E2A /* build-debug.xcconfig */;
			buildSettings = {
				ALWAYS_SEARCH_USER_PATHS = NO;
				ASSETCATALOG_COMPILER_APPICON_NAME = AppIcon;
				ASSETCATALOG_COMPILER_LAUNCHIMAGE_NAME = LaunchImage;
				CLANG_ENABLE_MODULES = YES;
				CLANG_ENABLE_OBJC_ARC = YES;
				COPY_PHASE_STRIP = NO;
				GCC_DYNAMIC_NO_PIC = NO;
				GCC_OPTIMIZATION_LEVEL = 0;
				GCC_PRECOMPILE_PREFIX_HEADER = YES;
				GCC_PREFIX_HEADER = "test 1/test 1-Prefix.pch";
				GCC_THUMB_SUPPORT = NO;
				GCC_VERSION = "";
				INFOPLIST_FILE = "test 1/test 1-Info.plist";
				IPHONEOS_DEPLOYMENT_TARGET = 9.0;
				LD_RUNPATH_SEARCH_PATHS = "@executable_path/Frameworks";
				TARGETED_DEVICE_FAMILY = "1,2";
				PRODUCT_NAME = "test 1";
				FRAMEWORK_SEARCH_PATHS = (
					"$(inherited)",
					"\"test 1/Plugins/cordova-plugin-fcm\"",
					"\"test 1/Plugins/cordova-plugin-fcm\"",
					"\"test 1/Plugins/cordova-plugin-fcm\"",
					"\"test 1/Plugins/cordova-plugin-fcm\"",
					"\"test 1/Plugins/cordova-plugin-fcm\"",
					"\"test 1/Plugins/cordova-plugin-fcm\"",
					"\"test 1/Plugins/cordova-plugin-fcm\"",
					"\"test 1/Plugins/cordova-plugin-fcm\"",
				);
			};
			name = Debug;
		};
		1D6058950D05DD3E006BFB54 /* Release */ = {
			isa = XCBuildConfiguration;
			baseConfigurationReference = 3047A5101AB8059700498E2A /* build-release.xcconfig */;
			buildSettings = {
				ALWAYS_SEARCH_USER_PATHS = NO;
				ASSETCATALOG_COMPILER_APPICON_NAME = AppIcon;
				ASSETCATALOG_COMPILER_LAUNCHIMAGE_NAME = LaunchImage;
				CLANG_ENABLE_MODULES = YES;
				CLANG_ENABLE_OBJC_ARC = YES;
				COPY_PHASE_STRIP = YES;
				GCC_PRECOMPILE_PREFIX_HEADER = YES;
				GCC_PREFIX_HEADER = "test 1/test 1-Prefix.pch";
				GCC_THUMB_SUPPORT = NO;
				GCC_VERSION = "";
				INFOPLIST_FILE = "test 1/test 1-Info.plist";
				IPHONEOS_DEPLOYMENT_TARGET = 9.0;
				LD_RUNPATH_SEARCH_PATHS = "@executable_path/Frameworks";
				TARGETED_DEVICE_FAMILY = "1,2";
				PRODUCT_NAME = "test 1";
				FRAMEWORK_SEARCH_PATHS = (
					"$(inherited)",
					"\"test 1/Plugins/cordova-plugin-fcm\"",
					"\"test 1/Plugins/cordova-plugin-fcm\"",
					"\"test 1/Plugins/cordova-plugin-fcm\"",
					"\"test 1/Plugins/cordova-plugin-fcm\"",
					"\"test 1/Plugins/cordova-plugin-fcm\"",
					"\"test 1/Plugins/cordova-plugin-fcm\"",
					"\"test 1/Plugins/cordova-plugin-fcm\"",
					"\"test 1/Plugins/cordova-plugin-fcm\"",
				);
			};
			name = Release;
		};
		C01FCF4F08A954540054247B /* Debug */ = {
			isa = XCBuildConfiguration;
			baseConfigurationReference = 3047A5111AB8059700498E2A /* build.xcconfig */;
			buildSettings = {
				CLANG_ENABLE_MODULES = YES;
				CLANG_ENABLE_OBJC_ARC = YES;
				CLANG_WARN_BOOL_CONVERSION = YES;
				CLANG_WARN_CONSTANT_CONVERSION = YES;
				CLANG_WARN_EMPTY_BODY = YES;
				CLANG_WARN_ENUM_CONVERSION = YES;
				CLANG_WARN_INT_CONVERSION = YES;
				CLANG_WARN__DUPLICATE_METHOD_MATCH = YES;
				GCC_C_LANGUAGE_STANDARD = c99;
				GCC_THUMB_SUPPORT = NO;
				GCC_VERSION = "";
				GCC_WARN_ABOUT_RETURN_TYPE = YES;
				GCC_WARN_UNDECLARED_SELECTOR = YES;
				GCC_WARN_UNINITIALIZED_AUTOS = YES;
				GCC_WARN_UNUSED_FUNCTION = YES;
				GCC_WARN_UNUSED_VARIABLE = YES;
				ONLY_ACTIVE_ARCH = YES;
				SDKROOT = iphoneos;
				SKIP_INSTALL = NO;
			};
			name = Debug;
		};
		C01FCF5008A954540054247B /* Release */ = {
			isa = XCBuildConfiguration;
			baseConfigurationReference = 3047A5111AB8059700498E2A /* build.xcconfig */;
			buildSettings = {
				CLANG_ENABLE_MODULES = YES;
				CLANG_ENABLE_OBJC_ARC = YES;
				CLANG_WARN_BOOL_CONVERSION = YES;
				CLANG_WARN_CONSTANT_CONVERSION = YES;
				CLANG_WARN_EMPTY_BODY = YES;
				CLANG_WARN_ENUM_CONVERSION = YES;
				CLANG_WARN_INT_CONVERSION = YES;
				CLANG_WARN__DUPLICATE_METHOD_MATCH = YES;
				GCC_C_LANGUAGE_STANDARD = c99;
				GCC_THUMB_SUPPORT = NO;
				GCC_VERSION = "";
				GCC_WARN_ABOUT_RETURN_TYPE = YES;
				GCC_WARN_UNDECLARED_SELECTOR = YES;
				GCC_WARN_UNINITIALIZED_AUTOS = YES;
				GCC_WARN_UNUSED_FUNCTION = YES;
				GCC_WARN_UNUSED_VARIABLE = YES;
				SDKROOT = iphoneos;
				SKIP_INSTALL = NO;
			};
			name = Release;
		};
/* End XCBuildConfiguration section */

/* Begin XCConfigurationList section */
		1D6058960D05DD3E006BFB54 /* Build configuration list for PBXNativeTarget "test 1" */ = {
			isa = XCConfigurationList;
			buildConfigurations = (
				1D6058940D05DD3E006BFB54 /* Debug */,
				1D6058950D05DD3E006BFB54 /* Release */,
			);
			defaultConfigurationIsVisible = 0;
			defaultConfigurationName = Release;
		};
		C01FCF4E08A954540054247B /* Build configuration list for PBXProject "__NON-CLI__" */ = {
			isa = XCConfigurationList;
			buildConfigurations = (
				C01FCF4F08A954540054247B /* Debug */,
				C01FCF5008A954540054247B /* Release */,
			);
			defaultConfigurationIsVisible = 0;
			defaultConfigurationName = Release;
		};
/* End XCConfigurationList section */
	};
	rootObject = 29B97313FDCFA39411CA2CEA /* Project object */;
}
