// !$*UTF8*$!
{
	archiveVersion = 1;
	classes = {
	};
	objectVersion = 46;
	objects = {
/* Begin PBXBuildFile section */
		0207DA581B56EA530066E2B4 /* Images.xcassets in Resources */ = {isa = PBXBuildFile; fileRef = 0207DA571B56EA530066E2B4 /* Images.xcassets */; };
		1D3623260D0F684500981E51 /* AppDelegate.m in Sources */ = {isa = PBXBuildFile; fileRef = 1D3623250D0F684500981E51 /* AppDelegate.m */; };
		1D60589B0D05DD56006BFB54 /* main.m in Sources */ = {isa = PBXBuildFile; fileRef = 29B97316FDCFA39411CA2CEA /* main.m */; };
		301BF552109A68D80062928A /* libCordova.a in Frameworks */ = {isa = PBXBuildFile; fileRef = 301BF535109A57CC0062928A /* libCordova.a */; };
		302D95F114D2391D003F00A1 /* MainViewController.m in Sources */ = {isa = PBXBuildFile; fileRef = 302D95EF14D2391D003F00A1 /* MainViewController.m */; };
		302D95F214D2391D003F00A1 /* MainViewController.xib in Resources */ = {isa = PBXBuildFile; fileRef = 302D95F014D2391D003F00A1 /* MainViewController.xib */; };
		3047A5121AB8059700498E2A /* build-debug.xcconfig in Resources */ = {isa = PBXBuildFile; fileRef = 3047A50F1AB8059700498E2A /* build-debug.xcconfig */; };
		3047A5131AB8059700498E2A /* build-release.xcconfig in Resources */ = {isa = PBXBuildFile; fileRef = 3047A5101AB8059700498E2A /* build-release.xcconfig */; };
		3047A5141AB8059700498E2A /* build.xcconfig in Resources */ = {isa = PBXBuildFile; fileRef = 3047A5111AB8059700498E2A /* build.xcconfig */; };
		6AFF5BF91D6E424B00AB3073 /* CDVLaunchScreen.storyboard in Resources */ = {isa = PBXBuildFile; fileRef = 6AFF5BF81D6E424B00AB3073 /* CDVLaunchScreen.storyboard */; };
		611A456B25F94F879B70BFEA /* CDVDevice.m in Sources */ = {isa = PBXBuildFile; fileRef = B5814E0FB00C4931954C46E9 /* CDVDevice.m */; };
		D01D5CFA49BD40CDBDA9D7FD /* FCMPlugin.m in Sources */ = {isa = PBXBuildFile; fileRef = 3CA2CFCCFD274398945A5D72 /* FCMPlugin.m */; };
		650B8E805A4F41E3B1E9DBEE /* AppDelegate+FCMPlugin.m in Sources */ = {isa = PBXBuildFile; fileRef = E75B6A1582744B42BE610C75 /* AppDelegate+FCMPlugin.m */; };
		591FFF078ABB4EE09A6BF795 /* GoogleService-Info.plist in Resources */ = {isa = PBXBuildFile; fileRef = 5966D821AF854BFDA91DFAFA /* GoogleService-Info.plist */; };
		DBDFCF6FEEE04868BB0C017B /* FirebaseAnalytics.framework in Frameworks */ = {isa = PBXBuildFile; fileRef = 8EC552FA62E24931806ED9F8 /* FirebaseAnalytics.framework */; };
		3EE07530272342409739B1B2 /* FirebaseCore.framework in Frameworks */ = {isa = PBXBuildFile; fileRef = 42700791BE154700B74DB8D3 /* FirebaseCore.framework */; };
		0221D8C1264F4E188821BB15 /* FirebaseInstanceID.framework in Frameworks */ = {isa = PBXBuildFile; fileRef = 7A480D91531E4409BCBB879C /* FirebaseInstanceID.framework */; };
		130A4234813E4136953F9703 /* FirebaseMessaging.framework in Frameworks */ = {isa = PBXBuildFile; fileRef = B6F15EFBF25F4BE2882C6A9E /* FirebaseMessaging.framework */; };
		8596342708BD4D43A4783FFD /* GoogleInterchangeUtilities.framework in Frameworks */ = {isa = PBXBuildFile; fileRef = 2C1EEB681A5740B1B8C6EF25 /* GoogleInterchangeUtilities.framework */; };
		9EEA1043EE314FB8BBE9575C /* GoogleIPhoneUtilities.framework in Frameworks */ = {isa = PBXBuildFile; fileRef = E30F77DA0D2B4A3CBB6E4ACB /* GoogleIPhoneUtilities.framework */; };
		0A62D6DACCAA4896AD5EFF09 /* GoogleSymbolUtilities.framework in Frameworks */ = {isa = PBXBuildFile; fileRef = 8EA90C46DC334F8AA06AF4E8 /* GoogleSymbolUtilities.framework */; };
		2475E37F561E4A2D9FD12B6C /* GoogleUtilities.framework in Frameworks */ = {isa = PBXBuildFile; fileRef = ED92B206493F446AA600E7D7 /* GoogleUtilities.framework */; };
		B0653A51FC9D40EB8C02471A /* libc++.tbd in Frameworks */ = {isa = PBXBuildFile; fileRef = BE95218A49F94BFDAC9C78F7 /* libc++.tbd */; };
		1D8041C7D6744236B9F35FF8 /* libz.tbd in Frameworks */ = {isa = PBXBuildFile; fileRef = 63164B6EEDB2472FBBAA9C32 /* libz.tbd */; };
		B1BA20946BB54E8BA465D11D /* AddressBook.framework in Frameworks */ = {isa = PBXBuildFile; fileRef = 0AC42674D7B845CB806CB0C9 /* AddressBook.framework */; };
		5975EC467DF0464FBAA1C94C /* libsqlite3.0.tbd in Frameworks */ = {isa = PBXBuildFile; fileRef = 7CE26F0E74E640878B47D088 /* libsqlite3.0.tbd */; };
		329A2966206C4E82912EDC8E /* Security.framework in Frameworks */ = {isa = PBXBuildFile; fileRef = 7A835DFE6E9B4212AE8FE88C /* Security.framework */; };
		7F68137D9921421DA8D2781E /* CDVWKWebViewEngine.m in Sources */ = {isa = PBXBuildFile; fileRef = 33F356BA5C7B45BEA5286615 /* CDVWKWebViewEngine.m */; };
		7698CE09388C4FF38BB5FCA2 /* CDVWKWebViewUIDelegate.m in Sources */ = {isa = PBXBuildFile; fileRef = EBAC6DFAF1104EB3AD1888B8 /* CDVWKWebViewUIDelegate.m */; };
		C351863140764B83830D075C /* CDVWKProcessPoolFactory.m in Sources */ = {isa = PBXBuildFile; fileRef = 4B59675C6B7D44A98FC623C7 /* CDVWKProcessPoolFactory.m */; };
		3F72F35FB8D241DC8ACDDB06 /* GCDWebServer.m in Sources */ = {isa = PBXBuildFile; fileRef = 46603D8DB1644BFE84D19618 /* GCDWebServer.m */; };
		3619B400A5624097BD02D825 /* GCDWebServerConnection.m in Sources */ = {isa = PBXBuildFile; fileRef = 88AE6572C4034F86B2CCB2F8 /* GCDWebServerConnection.m */; };
		270FFF23DA3F4BB5A4ABE17D /* GCDWebServerFunctions.m in Sources */ = {isa = PBXBuildFile; fileRef = 83436B572F1A4E63B555E0D9 /* GCDWebServerFunctions.m */; };
		570ECDA2198D461D925A60F2 /* GCDWebServerRequest.m in Sources */ = {isa = PBXBuildFile; fileRef = CDC9B3FAF1474D73ABD60808 /* GCDWebServerRequest.m */; };
		F65BFD3673B248B4AAFE5214 /* GCDWebServerResponse.m in Sources */ = {isa = PBXBuildFile; fileRef = 895B536289C545E59F9341AF /* GCDWebServerResponse.m */; };
		194CF101F0794B2BABA5DB51 /* GCDWebServerDataRequest.m in Sources */ = {isa = PBXBuildFile; fileRef = 954D97ACE911432BA67C2AD3 /* GCDWebServerDataRequest.m */; };
		4C73CED3621F4E7096FA342C /* GCDWebServerFileRequest.m in Sources */ = {isa = PBXBuildFile; fileRef = 5C4A7FBE1D8C4984AED7D2F3 /* GCDWebServerFileRequest.m */; };
		EA0C0A7187CE4AAD95FA520B /* GCDWebServerMultiPartFormRequest.m in Sources */ = {isa = PBXBuildFile; fileRef = 975CAD81198340348E29939D /* GCDWebServerMultiPartFormRequest.m */; };
		BCAF182191EE41CCA8E57738 /* GCDWebServerURLEncodedFormRequest.m in Sources */ = {isa = PBXBuildFile; fileRef = 71A1CDC6C6894E7D8FA155CC /* GCDWebServerURLEncodedFormRequest.m */; };
		CC9790BCB2BA422B929D373F /* GCDWebServerDataResponse.m in Sources */ = {isa = PBXBuildFile; fileRef = AD956F46C73A45BBAB0831F9 /* GCDWebServerDataResponse.m */; };
		DB2433A5539E43B9829ED634 /* GCDWebServerErrorResponse.m in Sources */ = {isa = PBXBuildFile; fileRef = 2E04B33171894A258E0E5A02 /* GCDWebServerErrorResponse.m */; };
		4EFD89209E9E4A58A3D772F7 /* GCDWebServerFileResponse.m in Sources */ = {isa = PBXBuildFile; fileRef = 14E6CDA166C346C9B335D227 /* GCDWebServerFileResponse.m */; };
		30EF6F2090574DA599D4999C /* GCDWebServerStreamedResponse.m in Sources */ = {isa = PBXBuildFile; fileRef = A48E89DFC2884E5492595A47 /* GCDWebServerStreamedResponse.m */; };
		6F555CE15DA24E76BC4F3A73 /* WebKit.framework in Frameworks */ = {isa = PBXBuildFile; fileRef = C556EBAC278D48E2903046D4 /* WebKit.framework */; settings = {ATTRIBUTES = (Weak, ); }; };
		26EEDD8CC15E4B2A94B4CC7E /* CDVSplashScreen.m in Sources */ = {isa = PBXBuildFile; fileRef = F86B4AB3561C4CBA91F5D1B8 /* CDVSplashScreen.m */; };
		2A4E0B536EE4410EBFEA1183 /* CDVViewController+SplashScreen.m in Sources */ = {isa = PBXBuildFile; fileRef = FD9E83F2AF4049C6A16C0514 /* CDVViewController+SplashScreen.m */; };
		57A8B31A3DEA470DA43A2D89 /* IonicKeyboard.m in Sources */ = {isa = PBXBuildFile; fileRef = 3D5EC53866DD4C5496DC331F /* IonicKeyboard.m */; };
		7F9CB871C0BA44C2AFA27D94 /* AppDelegate+notification.m in Sources */ = {isa = PBXBuildFile; fileRef = BBCA9DEB6AD24FFAB1AF4C13 /* AppDelegate+notification.m */; };
		9668FE0C763A44C3B43C7504 /* PushPlugin.m in Sources */ = {isa = PBXBuildFile; fileRef = F7BCCFDA76A14813B7AFE468 /* PushPlugin.m */; };
/* End PBXBuildFile section */

/* Begin PBXContainerItemProxy section */
		301BF534109A57CC0062928A /* PBXContainerItemProxy */ = {
			isa = PBXContainerItemProxy;
			containerPortal = 301BF52D109A57CC0062928A /* CordovaLib.xcodeproj */;
			proxyType = 2;
			remoteGlobalIDString = D2AAC07E0554694100DB518D;
			remoteInfo = CordovaLib;
		};
		301BF550109A68C00062928A /* PBXContainerItemProxy */ = {
			isa = PBXContainerItemProxy;
			containerPortal = 301BF52D109A57CC0062928A /* CordovaLib.xcodeproj */;
			proxyType = 1;
			remoteGlobalIDString = D2AAC07D0554694100DB518D;
			remoteInfo = CordovaLib;
		};
/* End PBXContainerItemProxy section */

/* Begin PBXFileReference section */
		0207DA571B56EA530066E2B4 /* Images.xcassets */ = {isa = PBXFileReference; lastKnownFileType = folder.assetcatalog; name = Images.xcassets; path = "test 1/Images.xcassets"; sourceTree = SOURCE_ROOT; };
		1D3623240D0F684500981E51 /* AppDelegate.h */ = {isa = PBXFileReference; fileEncoding = 4; lastKnownFileType = sourcecode.c.h; path = AppDelegate.h; sourceTree = "<group>"; };
		1D3623250D0F684500981E51 /* AppDelegate.m */ = {isa = PBXFileReference; fileEncoding = 4; lastKnownFileType = sourcecode.c.objc; path = AppDelegate.m; sourceTree = "<group>"; };
		1D6058910D05DD3D006BFB54 /* test 1.app */ = {isa = PBXFileReference; explicitFileType = wrapper.application; includeInIndex = 0; path = "test 1.app"; sourceTree = BUILT_PRODUCTS_DIR; };
		29B97316FDCFA39411CA2CEA /* main.m */ = {isa = PBXFileReference; fileEncoding = 4; lastKnownFileType = sourcecode.c.objc; path = main.m; sourceTree = "<group>"; };
		301BF52D109A57CC0062928A /* CordovaLib.xcodeproj */ = {isa = PBXFileReference; lastKnownFileType = "wrapper.pb-project"; path = CordovaLib/CordovaLib.xcodeproj; sourceTree = "<group>"; };
		301BF56E109A69640062928A /* www */ = {isa = PBXFileReference; lastKnownFileType = folder; path = www; sourceTree = SOURCE_ROOT; };
		302D95EE14D2391D003F00A1 /* MainViewController.h */ = {isa = PBXFileReference; fileEncoding = 4; lastKnownFileType = sourcecode.c.h; path = MainViewController.h; sourceTree = "<group>"; };
		302D95EF14D2391D003F00A1 /* MainViewController.m */ = {isa = PBXFileReference; fileEncoding = 4; lastKnownFileType = sourcecode.c.objc; path = MainViewController.m; sourceTree = "<group>"; };
		302D95F014D2391D003F00A1 /* MainViewController.xib */ = {isa = PBXFileReference; fileEncoding = 4; lastKnownFileType = file.xib; path = MainViewController.xib; sourceTree = "<group>"; };
		3047A50F1AB8059700498E2A /* build-debug.xcconfig */ = {isa = PBXFileReference; fileEncoding = 4; lastKnownFileType = text.xcconfig; name = "build-debug.xcconfig"; path = cordova/build-debug.xcconfig; sourceTree = SOURCE_ROOT; };
		3047A5101AB8059700498E2A /* build-release.xcconfig */ = {isa = PBXFileReference; fileEncoding = 4; lastKnownFileType = text.xcconfig; name = "build-release.xcconfig"; path = cordova/build-release.xcconfig; sourceTree = SOURCE_ROOT; };
		3047A5111AB8059700498E2A /* build.xcconfig */ = {isa = PBXFileReference; fileEncoding = 4; lastKnownFileType = text.xcconfig; name = build.xcconfig; path = cordova/build.xcconfig; sourceTree = SOURCE_ROOT; };
		32CA4F630368D1EE00C91783 /* test 1-Prefix.pch */ = {isa = PBXFileReference; fileEncoding = 4; lastKnownFileType = sourcecode.c.h; path = "test 1-Prefix.pch"; sourceTree = "<group>"; };
		6AFF5BF81D6E424B00AB3073 /* CDVLaunchScreen.storyboard */ = {isa = PBXFileReference; fileEncoding = 4; lastKnownFileType = file.storyboard; name = CDVLaunchScreen.storyboard; path = "test 1/CDVLaunchScreen.storyboard"; sourceTree = SOURCE_ROOT; };
		8D1107310486CEB800E47090 /* test 1-Info.plist */ = {isa = PBXFileReference; fileEncoding = 4; lastKnownFileType = text.plist.xml; name = "test 1-Info.plist"; path = "test 1/test 1-Info.plist"; plistStructureDefinitionIdentifier = "com.apple.xcode.plist.structure-definition.iphone.info-plist"; sourceTree = SOURCE_ROOT; };
		EB87FDF31871DA8E0020F90C /* www */ = {isa = PBXFileReference; lastKnownFileType = folder; name = www; path = ../../www; sourceTree = "<group>"; };
		EB87FDF41871DAF40020F90C /* config.xml */ = {isa = PBXFileReference; lastKnownFileType = text.xml; name = config.xml; path = ../../config.xml; sourceTree = "<group>"; };
		F840E1F0165FE0F500CFE078 /* config.xml */ = {isa = PBXFileReference; lastKnownFileType = text.xml; name = config.xml; path = "test 1/config.xml"; sourceTree = "<group>"; };
		ED33DF2A687741AEAF9F8254 /* Bridging-Header.h */ = {isa = PBXFileReference; fileEncoding = 4; lastKnownFileType = sourcecode.c.h; name = "Bridging-Header.h"; path = "Bridging-Header.h"; sourceTree = "<group>"; };
		B5814E0FB00C4931954C46E9 /* CDVDevice.m */ = {isa = PBXFileReference; name = "CDVDevice.m"; path = "cordova-plugin-device/CDVDevice.m"; sourceTree = "<group>"; fileEncoding = 4; lastKnownFileType = sourcecode.c.objc; explicitFileType = undefined; includeInIndex = 0; };
		B2F416EE6BDA4AACB77FC5DA /* CDVDevice.h */ = {isa = PBXFileReference; name = "CDVDevice.h"; path = "cordova-plugin-device/CDVDevice.h"; sourceTree = "<group>"; fileEncoding = 4; lastKnownFileType = sourcecode.c.h; explicitFileType = undefined; includeInIndex = 0; };
		3CA2CFCCFD274398945A5D72 /* FCMPlugin.m */ = {isa = PBXFileReference; name = "FCMPlugin.m"; path = "cordova-plugin-fcm/FCMPlugin.m"; sourceTree = "<group>"; fileEncoding = 4; lastKnownFileType = sourcecode.c.objc; explicitFileType = undefined; includeInIndex = 0; };
		E75B6A1582744B42BE610C75 /* AppDelegate+FCMPlugin.m */ = {isa = PBXFileReference; name = "AppDelegate+FCMPlugin.m"; path = "cordova-plugin-fcm/AppDelegate+FCMPlugin.m"; sourceTree = "<group>"; fileEncoding = 4; lastKnownFileType = sourcecode.c.objc; explicitFileType = undefined; includeInIndex = 0; };
		0AB86600ABEB471F94E6AE98 /* FCMPlugin.h */ = {isa = PBXFileReference; name = "FCMPlugin.h"; path = "cordova-plugin-fcm/FCMPlugin.h"; sourceTree = "<group>"; fileEncoding = 4; lastKnownFileType = sourcecode.c.h; explicitFileType = undefined; includeInIndex = 0; };
		2AC207D278344C38BE368DF3 /* AppDelegate+FCMPlugin.h */ = {isa = PBXFileReference; name = "AppDelegate+FCMPlugin.h"; path = "cordova-plugin-fcm/AppDelegate+FCMPlugin.h"; sourceTree = "<group>"; fileEncoding = 4; lastKnownFileType = sourcecode.c.h; explicitFileType = undefined; includeInIndex = 0; };
		13154BC865414E47BF7C003A /* Firebase.h */ = {isa = PBXFileReference; name = "Firebase.h"; path = "cordova-plugin-fcm/Firebase.h"; sourceTree = "<group>"; fileEncoding = 4; lastKnownFileType = sourcecode.c.h; explicitFileType = undefined; includeInIndex = 0; };
		5966D821AF854BFDA91DFAFA /* GoogleService-Info.plist */ = {isa = PBXFileReference; name = "GoogleService-Info.plist"; path = "Resources/GoogleService-Info.plist"; sourceTree = "<group>"; fileEncoding = 4; lastKnownFileType = text.plist.xml; explicitFileType = undefined; includeInIndex = 0; };
		8EC552FA62E24931806ED9F8 /* FirebaseAnalytics.framework */ = {isa = PBXFileReference; name = "FirebaseAnalytics.framework"; path = "test 1/Plugins/cordova-plugin-fcm/FirebaseAnalytics.framework"; sourceTree = "<group>"; fileEncoding = undefined; lastKnownFileType = wrapper.framework; explicitFileType = undefined; includeInIndex = 0; };
		42700791BE154700B74DB8D3 /* FirebaseCore.framework */ = {isa = PBXFileReference; name = "FirebaseCore.framework"; path = "test 1/Plugins/cordova-plugin-fcm/FirebaseCore.framework"; sourceTree = "<group>"; fileEncoding = undefined; lastKnownFileType = wrapper.framework; explicitFileType = undefined; includeInIndex = 0; };
		7A480D91531E4409BCBB879C /* FirebaseInstanceID.framework */ = {isa = PBXFileReference; name = "FirebaseInstanceID.framework"; path = "test 1/Plugins/cordova-plugin-fcm/FirebaseInstanceID.framework"; sourceTree = "<group>"; fileEncoding = undefined; lastKnownFileType = wrapper.framework; explicitFileType = undefined; includeInIndex = 0; };
		B6F15EFBF25F4BE2882C6A9E /* FirebaseMessaging.framework */ = {isa = PBXFileReference; name = "FirebaseMessaging.framework"; path = "test 1/Plugins/cordova-plugin-fcm/FirebaseMessaging.framework"; sourceTree = "<group>"; fileEncoding = undefined; lastKnownFileType = wrapper.framework; explicitFileType = undefined; includeInIndex = 0; };
		2C1EEB681A5740B1B8C6EF25 /* GoogleInterchangeUtilities.framework */ = {isa = PBXFileReference; name = "GoogleInterchangeUtilities.framework"; path = "test 1/Plugins/cordova-plugin-fcm/GoogleInterchangeUtilities.framework"; sourceTree = "<group>"; fileEncoding = undefined; lastKnownFileType = wrapper.framework; explicitFileType = undefined; includeInIndex = 0; };
		E30F77DA0D2B4A3CBB6E4ACB /* GoogleIPhoneUtilities.framework */ = {isa = PBXFileReference; name = "GoogleIPhoneUtilities.framework"; path = "test 1/Plugins/cordova-plugin-fcm/GoogleIPhoneUtilities.framework"; sourceTree = "<group>"; fileEncoding = undefined; lastKnownFileType = wrapper.framework; explicitFileType = undefined; includeInIndex = 0; };
		8EA90C46DC334F8AA06AF4E8 /* GoogleSymbolUtilities.framework */ = {isa = PBXFileReference; name = "GoogleSymbolUtilities.framework"; path = "test 1/Plugins/cordova-plugin-fcm/GoogleSymbolUtilities.framework"; sourceTree = "<group>"; fileEncoding = undefined; lastKnownFileType = wrapper.framework; explicitFileType = undefined; includeInIndex = 0; };
		ED92B206493F446AA600E7D7 /* GoogleUtilities.framework */ = {isa = PBXFileReference; name = "GoogleUtilities.framework"; path = "test 1/Plugins/cordova-plugin-fcm/GoogleUtilities.framework"; sourceTree = "<group>"; fileEncoding = undefined; lastKnownFileType = wrapper.framework; explicitFileType = undefined; includeInIndex = 0; };
		BE95218A49F94BFDAC9C78F7 /* libc++.tbd */ = {isa = PBXFileReference; name = "libc++.tbd"; path = "usr/lib/libc++.tbd"; sourceTree = SDKROOT; fileEncoding = undefined; lastKnownFileType = sourcecode.text-based-dylib-definition; explicitFileType = undefined; includeInIndex = 0; };
		63164B6EEDB2472FBBAA9C32 /* libz.tbd */ = {isa = PBXFileReference; name = "libz.tbd"; path = "usr/lib/libz.tbd"; sourceTree = SDKROOT; fileEncoding = undefined; lastKnownFileType = sourcecode.text-based-dylib-definition; explicitFileType = undefined; includeInIndex = 0; };
		0AC42674D7B845CB806CB0C9 /* AddressBook.framework */ = {isa = PBXFileReference; name = "AddressBook.framework"; path = "System/Library/Frameworks/AddressBook.framework"; sourceTree = SDKROOT; fileEncoding = undefined; lastKnownFileType = wrapper.framework; explicitFileType = undefined; includeInIndex = 0; };
		7CE26F0E74E640878B47D088 /* libsqlite3.0.tbd */ = {isa = PBXFileReference; name = "libsqlite3.0.tbd"; path = "usr/lib/libsqlite3.0.tbd"; sourceTree = SDKROOT; fileEncoding = undefined; lastKnownFileType = sourcecode.text-based-dylib-definition; explicitFileType = undefined; includeInIndex = 0; };
		7A835DFE6E9B4212AE8FE88C /* Security.framework */ = {isa = PBXFileReference; name = "Security.framework"; path = "System/Library/Frameworks/Security.framework"; sourceTree = SDKROOT; fileEncoding = undefined; lastKnownFileType = wrapper.framework; explicitFileType = undefined; includeInIndex = 0; };
		33F356BA5C7B45BEA5286615 /* CDVWKWebViewEngine.m */ = {isa = PBXFileReference; name = "CDVWKWebViewEngine.m"; path = "cordova-plugin-ionic-webview/CDVWKWebViewEngine.m"; sourceTree = "<group>"; fileEncoding = 4; lastKnownFileType = sourcecode.c.objc; explicitFileType = undefined; includeInIndex = 0; };
		EBAC6DFAF1104EB3AD1888B8 /* CDVWKWebViewUIDelegate.m */ = {isa = PBXFileReference; name = "CDVWKWebViewUIDelegate.m"; path = "cordova-plugin-ionic-webview/CDVWKWebViewUIDelegate.m"; sourceTree = "<group>"; fileEncoding = 4; lastKnownFileType = sourcecode.c.objc; explicitFileType = undefined; includeInIndex = 0; };
		4B59675C6B7D44A98FC623C7 /* CDVWKProcessPoolFactory.m */ = {isa = PBXFileReference; name = "CDVWKProcessPoolFactory.m"; path = "cordova-plugin-ionic-webview/CDVWKProcessPoolFactory.m"; sourceTree = "<group>"; fileEncoding = 4; lastKnownFileType = sourcecode.c.objc; explicitFileType = undefined; includeInIndex = 0; };
		46603D8DB1644BFE84D19618 /* GCDWebServer.m */ = {isa = PBXFileReference; name = "GCDWebServer.m"; path = "cordova-plugin-ionic-webview/GCDWebServer.m"; sourceTree = "<group>"; fileEncoding = 4; lastKnownFileType = sourcecode.c.objc; explicitFileType = undefined; includeInIndex = 0; };
		88AE6572C4034F86B2CCB2F8 /* GCDWebServerConnection.m */ = {isa = PBXFileReference; name = "GCDWebServerConnection.m"; path = "cordova-plugin-ionic-webview/GCDWebServerConnection.m"; sourceTree = "<group>"; fileEncoding = 4; lastKnownFileType = sourcecode.c.objc; explicitFileType = undefined; includeInIndex = 0; };
		83436B572F1A4E63B555E0D9 /* GCDWebServerFunctions.m */ = {isa = PBXFileReference; name = "GCDWebServerFunctions.m"; path = "cordova-plugin-ionic-webview/GCDWebServerFunctions.m"; sourceTree = "<group>"; fileEncoding = 4; lastKnownFileType = sourcecode.c.objc; explicitFileType = undefined; includeInIndex = 0; };
		CDC9B3FAF1474D73ABD60808 /* GCDWebServerRequest.m */ = {isa = PBXFileReference; name = "GCDWebServerRequest.m"; path = "cordova-plugin-ionic-webview/GCDWebServerRequest.m"; sourceTree = "<group>"; fileEncoding = 4; lastKnownFileType = sourcecode.c.objc; explicitFileType = undefined; includeInIndex = 0; };
		895B536289C545E59F9341AF /* GCDWebServerResponse.m */ = {isa = PBXFileReference; name = "GCDWebServerResponse.m"; path = "cordova-plugin-ionic-webview/GCDWebServerResponse.m"; sourceTree = "<group>"; fileEncoding = 4; lastKnownFileType = sourcecode.c.objc; explicitFileType = undefined; includeInIndex = 0; };
		954D97ACE911432BA67C2AD3 /* GCDWebServerDataRequest.m */ = {isa = PBXFileReference; name = "GCDWebServerDataRequest.m"; path = "cordova-plugin-ionic-webview/GCDWebServerDataRequest.m"; sourceTree = "<group>"; fileEncoding = 4; lastKnownFileType = sourcecode.c.objc; explicitFileType = undefined; includeInIndex = 0; };
		5C4A7FBE1D8C4984AED7D2F3 /* GCDWebServerFileRequest.m */ = {isa = PBXFileReference; name = "GCDWebServerFileRequest.m"; path = "cordova-plugin-ionic-webview/GCDWebServerFileRequest.m"; sourceTree = "<group>"; fileEncoding = 4; lastKnownFileType = sourcecode.c.objc; explicitFileType = undefined; includeInIndex = 0; };
		975CAD81198340348E29939D /* GCDWebServerMultiPartFormRequest.m */ = {isa = PBXFileReference; name = "GCDWebServerMultiPartFormRequest.m"; path = "cordova-plugin-ionic-webview/GCDWebServerMultiPartFormRequest.m"; sourceTree = "<group>"; fileEncoding = 4; lastKnownFileType = sourcecode.c.objc; explicitFileType = undefined; includeInIndex = 0; };
		71A1CDC6C6894E7D8FA155CC /* GCDWebServerURLEncodedFormRequest.m */ = {isa = PBXFileReference; name = "GCDWebServerURLEncodedFormRequest.m"; path = "cordova-plugin-ionic-webview/GCDWebServerURLEncodedFormRequest.m"; sourceTree = "<group>"; fileEncoding = 4; lastKnownFileType = sourcecode.c.objc; explicitFileType = undefined; includeInIndex = 0; };
		AD956F46C73A45BBAB0831F9 /* GCDWebServerDataResponse.m */ = {isa = PBXFileReference; name = "GCDWebServerDataResponse.m"; path = "cordova-plugin-ionic-webview/GCDWebServerDataResponse.m"; sourceTree = "<group>"; fileEncoding = 4; lastKnownFileType = sourcecode.c.objc; explicitFileType = undefined; includeInIndex = 0; };
		2E04B33171894A258E0E5A02 /* GCDWebServerErrorResponse.m */ = {isa = PBXFileReference; name = "GCDWebServerErrorResponse.m"; path = "cordova-plugin-ionic-webview/GCDWebServerErrorResponse.m"; sourceTree = "<group>"; fileEncoding = 4; lastKnownFileType = sourcecode.c.objc; explicitFileType = undefined; includeInIndex = 0; };
		14E6CDA166C346C9B335D227 /* GCDWebServerFileResponse.m */ = {isa = PBXFileReference; name = "GCDWebServerFileResponse.m"; path = "cordova-plugin-ionic-webview/GCDWebServerFileResponse.m"; sourceTree = "<group>"; fileEncoding = 4; lastKnownFileType = sourcecode.c.objc; explicitFileType = undefined; includeInIndex = 0; };
		A48E89DFC2884E5492595A47 /* GCDWebServerStreamedResponse.m */ = {isa = PBXFileReference; name = "GCDWebServerStreamedResponse.m"; path = "cordova-plugin-ionic-webview/GCDWebServerStreamedResponse.m"; sourceTree = "<group>"; fileEncoding = 4; lastKnownFileType = sourcecode.c.objc; explicitFileType = undefined; includeInIndex = 0; };
		4899FA6A4AC147F09EF89D7E /* CDVWKWebViewEngine.h */ = {isa = PBXFileReference; name = "CDVWKWebViewEngine.h"; path = "cordova-plugin-ionic-webview/CDVWKWebViewEngine.h"; sourceTree = "<group>"; fileEncoding = 4; lastKnownFileType = sourcecode.c.h; explicitFileType = undefined; includeInIndex = 0; };
		BDF4A93B09484091BDC13881 /* CDVWKWebViewUIDelegate.h */ = {isa = PBXFileReference; name = "CDVWKWebViewUIDelegate.h"; path = "cordova-plugin-ionic-webview/CDVWKWebViewUIDelegate.h"; sourceTree = "<group>"; fileEncoding = 4; lastKnownFileType = sourcecode.c.h; explicitFileType = undefined; includeInIndex = 0; };
		CB4F582FF9ED41B69F975638 /* CDVWKProcessPoolFactory.h */ = {isa = PBXFileReference; name = "CDVWKProcessPoolFactory.h"; path = "cordova-plugin-ionic-webview/CDVWKProcessPoolFactory.h"; sourceTree = "<group>"; fileEncoding = 4; lastKnownFileType = sourcecode.c.h; explicitFileType = undefined; includeInIndex = 0; };
		2D0796769643413E824BF742 /* GCDWebServer.h */ = {isa = PBXFileReference; name = "GCDWebServer.h"; path = "cordova-plugin-ionic-webview/GCDWebServer.h"; sourceTree = "<group>"; fileEncoding = 4; lastKnownFileType = sourcecode.c.h; explicitFileType = undefined; includeInIndex = 0; };
		1D4258DD1E534AC8AE95FD8E /* GCDWebServerConnection.h */ = {isa = PBXFileReference; name = "GCDWebServerConnection.h"; path = "cordova-plugin-ionic-webview/GCDWebServerConnection.h"; sourceTree = "<group>"; fileEncoding = 4; lastKnownFileType = sourcecode.c.h; explicitFileType = undefined; includeInIndex = 0; };
		627E73D73D464DC98571136E /* GCDWebServerFunctions.h */ = {isa = PBXFileReference; name = "GCDWebServerFunctions.h"; path = "cordova-plugin-ionic-webview/GCDWebServerFunctions.h"; sourceTree = "<group>"; fileEncoding = 4; lastKnownFileType = sourcecode.c.h; explicitFileType = undefined; includeInIndex = 0; };
		207666C0B9524DBFA806CDD3 /* GCDWebServerHTTPStatusCodes.h */ = {isa = PBXFileReference; name = "GCDWebServerHTTPStatusCodes.h"; path = "cordova-plugin-ionic-webview/GCDWebServerHTTPStatusCodes.h"; sourceTree = "<group>"; fileEncoding = 4; lastKnownFileType = sourcecode.c.h; explicitFileType = undefined; includeInIndex = 0; };
		197129CEEF76470797F6410F /* GCDWebServerPrivate.h */ = {isa = PBXFileReference; name = "GCDWebServerPrivate.h"; path = "cordova-plugin-ionic-webview/GCDWebServerPrivate.h"; sourceTree = "<group>"; fileEncoding = 4; lastKnownFileType = sourcecode.c.h; explicitFileType = undefined; includeInIndex = 0; };
		A502A6AFC8FA41DA8B6B12E8 /* GCDWebServerRequest.h */ = {isa = PBXFileReference; name = "GCDWebServerRequest.h"; path = "cordova-plugin-ionic-webview/GCDWebServerRequest.h"; sourceTree = "<group>"; fileEncoding = 4; lastKnownFileType = sourcecode.c.h; explicitFileType = undefined; includeInIndex = 0; };
		2AEF51CC5C4C478FA11C484F /* GCDWebServerResponse.h */ = {isa = PBXFileReference; name = "GCDWebServerResponse.h"; path = "cordova-plugin-ionic-webview/GCDWebServerResponse.h"; sourceTree = "<group>"; fileEncoding = 4; lastKnownFileType = sourcecode.c.h; explicitFileType = undefined; includeInIndex = 0; };
		EBF4F9268F3C40DF8B7C24DC /* GCDWebServerDataRequest.h */ = {isa = PBXFileReference; name = "GCDWebServerDataRequest.h"; path = "cordova-plugin-ionic-webview/GCDWebServerDataRequest.h"; sourceTree = "<group>"; fileEncoding = 4; lastKnownFileType = sourcecode.c.h; explicitFileType = undefined; includeInIndex = 0; };
		ED0346A1C7D34F718C377FE4 /* GCDWebServerFileRequest.h */ = {isa = PBXFileReference; name = "GCDWebServerFileRequest.h"; path = "cordova-plugin-ionic-webview/GCDWebServerFileRequest.h"; sourceTree = "<group>"; fileEncoding = 4; lastKnownFileType = sourcecode.c.h; explicitFileType = undefined; includeInIndex = 0; };
		5D5C735728A4418D8ED7B224 /* GCDWebServerMultiPartFormRequest.h */ = {isa = PBXFileReference; name = "GCDWebServerMultiPartFormRequest.h"; path = "cordova-plugin-ionic-webview/GCDWebServerMultiPartFormRequest.h"; sourceTree = "<group>"; fileEncoding = 4; lastKnownFileType = sourcecode.c.h; explicitFileType = undefined; includeInIndex = 0; };
		16D7616BFCB0413EAD1D0176 /* GCDWebServerURLEncodedFormRequest.h */ = {isa = PBXFileReference; name = "GCDWebServerURLEncodedFormRequest.h"; path = "cordova-plugin-ionic-webview/GCDWebServerURLEncodedFormRequest.h"; sourceTree = "<group>"; fileEncoding = 4; lastKnownFileType = sourcecode.c.h; explicitFileType = undefined; includeInIndex = 0; };
		FE3928EC79A14BFA92E52C8F /* GCDWebServerDataResponse.h */ = {isa = PBXFileReference; name = "GCDWebServerDataResponse.h"; path = "cordova-plugin-ionic-webview/GCDWebServerDataResponse.h"; sourceTree = "<group>"; fileEncoding = 4; lastKnownFileType = sourcecode.c.h; explicitFileType = undefined; includeInIndex = 0; };
		F5C94E561C55434890A94703 /* GCDWebServerErrorResponse.h */ = {isa = PBXFileReference; name = "GCDWebServerErrorResponse.h"; path = "cordova-plugin-ionic-webview/GCDWebServerErrorResponse.h"; sourceTree = "<group>"; fileEncoding = 4; lastKnownFileType = sourcecode.c.h; explicitFileType = undefined; includeInIndex = 0; };
		15B354B0ABAA42E4AAB8E617 /* GCDWebServerFileResponse.h */ = {isa = PBXFileReference; name = "GCDWebServerFileResponse.h"; path = "cordova-plugin-ionic-webview/GCDWebServerFileResponse.h"; sourceTree = "<group>"; fileEncoding = 4; lastKnownFileType = sourcecode.c.h; explicitFileType = undefined; includeInIndex = 0; };
		1E39336745F64F73A3730F90 /* GCDWebServerStreamedResponse.h */ = {isa = PBXFileReference; name = "GCDWebServerStreamedResponse.h"; path = "cordova-plugin-ionic-webview/GCDWebServerStreamedResponse.h"; sourceTree = "<group>"; fileEncoding = 4; lastKnownFileType = sourcecode.c.h; explicitFileType = undefined; includeInIndex = 0; };
		C556EBAC278D48E2903046D4 /* WebKit.framework */ = {isa = PBXFileReference; name = "WebKit.framework"; path = "System/Library/Frameworks/WebKit.framework"; sourceTree = SDKROOT; fileEncoding = undefined; lastKnownFileType = wrapper.framework; explicitFileType = undefined; includeInIndex = 0; };
		F86B4AB3561C4CBA91F5D1B8 /* CDVSplashScreen.m */ = {isa = PBXFileReference; name = "CDVSplashScreen.m"; path = "cordova-plugin-splashscreen/CDVSplashScreen.m"; sourceTree = "<group>"; fileEncoding = 4; lastKnownFileType = sourcecode.c.objc; explicitFileType = undefined; includeInIndex = 0; };
		FD9E83F2AF4049C6A16C0514 /* CDVViewController+SplashScreen.m */ = {isa = PBXFileReference; name = "CDVViewController+SplashScreen.m"; path = "cordova-plugin-splashscreen/CDVViewController+SplashScreen.m"; sourceTree = "<group>"; fileEncoding = 4; lastKnownFileType = sourcecode.c.objc; explicitFileType = undefined; includeInIndex = 0; };
		4141B1F5876546828E59CAC1 /* CDVSplashScreen.h */ = {isa = PBXFileReference; name = "CDVSplashScreen.h"; path = "cordova-plugin-splashscreen/CDVSplashScreen.h"; sourceTree = "<group>"; fileEncoding = 4; lastKnownFileType = sourcecode.c.h; explicitFileType = undefined; includeInIndex = 0; };
		DD8D08E4C0FF4DCE8531E3E7 /* CDVViewController+SplashScreen.h */ = {isa = PBXFileReference; name = "CDVViewController+SplashScreen.h"; path = "cordova-plugin-splashscreen/CDVViewController+SplashScreen.h"; sourceTree = "<group>"; fileEncoding = 4; lastKnownFileType = sourcecode.c.h; explicitFileType = undefined; includeInIndex = 0; };
		3D5EC53866DD4C5496DC331F /* IonicKeyboard.m */ = {isa = PBXFileReference; name = "IonicKeyboard.m"; path = "ionic-plugin-keyboard/IonicKeyboard.m"; sourceTree = "<group>"; fileEncoding = 4; lastKnownFileType = sourcecode.c.objc; explicitFileType = undefined; includeInIndex = 0; };
		8FC07BB3435E45CDB714D0DE /* IonicKeyboard.h */ = {isa = PBXFileReference; name = "IonicKeyboard.h"; path = "ionic-plugin-keyboard/IonicKeyboard.h"; sourceTree = "<group>"; fileEncoding = 4; lastKnownFileType = sourcecode.c.h; explicitFileType = undefined; includeInIndex = 0; };
		BBCA9DEB6AD24FFAB1AF4C13 /* AppDelegate+notification.m */ = {isa = PBXFileReference; name = "AppDelegate+notification.m"; path = "phonegap-plugin-push/AppDelegate+notification.m"; sourceTree = "<group>"; fileEncoding = 4; lastKnownFileType = sourcecode.c.objc; explicitFileType = undefined; includeInIndex = 0; };
		F7BCCFDA76A14813B7AFE468 /* PushPlugin.m */ = {isa = PBXFileReference; name = "PushPlugin.m"; path = "phonegap-plugin-push/PushPlugin.m"; sourceTree = "<group>"; fileEncoding = 4; lastKnownFileType = sourcecode.c.objc; explicitFileType = undefined; includeInIndex = 0; };
		3012EF7E55D84B1782C0ADE1 /* AppDelegate+notification.h */ = {isa = PBXFileReference; name = "AppDelegate+notification.h"; path = "phonegap-plugin-push/AppDelegate+notification.h"; sourceTree = "<group>"; fileEncoding = 4; lastKnownFileType = sourcecode.c.h; explicitFileType = undefined; includeInIndex = 0; };
		C6EF472E8E53447BA2796112 /* PushPlugin.h */ = {isa = PBXFileReference; name = "PushPlugin.h"; path = "phonegap-plugin-push/PushPlugin.h"; sourceTree = "<group>"; fileEncoding = 4; lastKnownFileType = sourcecode.c.h; explicitFileType = undefined; includeInIndex = 0; };
/* End PBXFileReference section */

/* Begin PBXFrameworksBuildPhase section */
		1D60588F0D05DD3D006BFB54 /* Frameworks */ = {
			isa = PBXFrameworksBuildPhase;
			buildActionMask = 2147483647;
			files = (
				301BF552109A68D80062928A /* libCordova.a in Frameworks */,
				DBDFCF6FEEE04868BB0C017B /* FirebaseAnalytics.framework in Frameworks */,
				3EE07530272342409739B1B2 /* FirebaseCore.framework in Frameworks */,
				0221D8C1264F4E188821BB15 /* FirebaseInstanceID.framework in Frameworks */,
				130A4234813E4136953F9703 /* FirebaseMessaging.framework in Frameworks */,
				8596342708BD4D43A4783FFD /* GoogleInterchangeUtilities.framework in Frameworks */,
				9EEA1043EE314FB8BBE9575C /* GoogleIPhoneUtilities.framework in Frameworks */,
				0A62D6DACCAA4896AD5EFF09 /* GoogleSymbolUtilities.framework in Frameworks */,
				2475E37F561E4A2D9FD12B6C /* GoogleUtilities.framework in Frameworks */,
				B0653A51FC9D40EB8C02471A /* libc++.tbd in Frameworks */,
				1D8041C7D6744236B9F35FF8 /* libz.tbd in Frameworks */,
				B1BA20946BB54E8BA465D11D /* AddressBook.framework in Frameworks */,
				5975EC467DF0464FBAA1C94C /* libsqlite3.0.tbd in Frameworks */,
				329A2966206C4E82912EDC8E /* Security.framework in Frameworks */,
				6F555CE15DA24E76BC4F3A73 /* WebKit.framework in Frameworks */,
			);
			runOnlyForDeploymentPostprocessing = 0;
		};
/* End PBXFrameworksBuildPhase section */

/* Begin PBXGroup section */
		080E96DDFE201D6D7F000001 /* Classes */ = {
			isa = PBXGroup;
			children = (
				302D95EE14D2391D003F00A1 /* MainViewController.h */,
				302D95EF14D2391D003F00A1 /* MainViewController.m */,
				302D95F014D2391D003F00A1 /* MainViewController.xib */,
				1D3623240D0F684500981E51 /* AppDelegate.h */,
				1D3623250D0F684500981E51 /* AppDelegate.m */,
			);
			name = Classes;
			path = "test 1/Classes";
			sourceTree = SOURCE_ROOT;
		};
		19C28FACFE9D520D11CA2CBB /* Products */ = {
			isa = PBXGroup;
			children = (
				1D6058910D05DD3D006BFB54 /* test 1.app */,
			);
			name = Products;
			sourceTree = "<group>";
		};
		29B97314FDCFA39411CA2CEA /* CustomTemplate */ = {
			isa = PBXGroup;
			children = (
				EB87FDF41871DAF40020F90C /* config.xml */,
				EB87FDF31871DA8E0020F90C /* www */,
				EB87FDF11871DA420020F90C /* Staging */,
				301BF52D109A57CC0062928A /* CordovaLib.xcodeproj */,
				080E96DDFE201D6D7F000001 /* Classes */,
				307C750510C5A3420062BCA9 /* Plugins */,
				29B97315FDCFA39411CA2CEA /* Other Sources */,
				29B97317FDCFA39411CA2CEA /* Resources */,
				29B97323FDCFA39411CA2CEA /* Frameworks */,
				19C28FACFE9D520D11CA2CBB /* Products */,
			);
			name = CustomTemplate;
			sourceTree = "<group>";
		};
		29B97315FDCFA39411CA2CEA /* Other Sources */ = {
			isa = PBXGroup;
			children = (
				32CA4F630368D1EE00C91783 /* test 1-Prefix.pch */,
				29B97316FDCFA39411CA2CEA /* main.m */,
				ED33DF2A687741AEAF9F8254 /* Bridging-Header.h */,
			);
			name = "Other Sources";
			path = "test 1";
			sourceTree = "<group>";
		};
		29B97317FDCFA39411CA2CEA /* Resources */ = {
			isa = PBXGroup;
			children = (
				0207DA571B56EA530066E2B4 /* Images.xcassets */,
				3047A50E1AB8057F00498E2A /* config */,
				8D1107310486CEB800E47090 /* test 1-Info.plist */,
				6AFF5BF81D6E424B00AB3073 /* CDVLaunchScreen.storyboard */,
				5966D821AF854BFDA91DFAFA /* GoogleService-Info.plist */,
			);
			name = Resources;
			path = "test 1/Resources";
			sourceTree = "<group>";
		};
		29B97323FDCFA39411CA2CEA /* Frameworks */ = {
			isa = PBXGroup;
			children = (
				8EC552FA62E24931806ED9F8 /* FirebaseAnalytics.framework */,
				42700791BE154700B74DB8D3 /* FirebaseCore.framework */,
				7A480D91531E4409BCBB879C /* FirebaseInstanceID.framework */,
				B6F15EFBF25F4BE2882C6A9E /* FirebaseMessaging.framework */,
				2C1EEB681A5740B1B8C6EF25 /* GoogleInterchangeUtilities.framework */,
				E30F77DA0D2B4A3CBB6E4ACB /* GoogleIPhoneUtilities.framework */,
				8EA90C46DC334F8AA06AF4E8 /* GoogleSymbolUtilities.framework */,
				ED92B206493F446AA600E7D7 /* GoogleUtilities.framework */,
				BE95218A49F94BFDAC9C78F7 /* libc++.tbd */,
				63164B6EEDB2472FBBAA9C32 /* libz.tbd */,
				0AC42674D7B845CB806CB0C9 /* AddressBook.framework */,
				7CE26F0E74E640878B47D088 /* libsqlite3.0.tbd */,
				7A835DFE6E9B4212AE8FE88C /* Security.framework */,
				C556EBAC278D48E2903046D4 /* WebKit.framework */,
			);
			name = Frameworks;
			sourceTree = "<group>";
		};
		301BF52E109A57CC0062928A /* Products */ = {
			isa = PBXGroup;
			children = (
				301BF535109A57CC0062928A /* libCordova.a */,
			);
			name = Products;
			sourceTree = "<group>";
		};
		3047A50E1AB8057F00498E2A /* config */ = {
			isa = PBXGroup;
			children = (
				3047A50F1AB8059700498E2A /* build-debug.xcconfig */,
				3047A5101AB8059700498E2A /* build-release.xcconfig */,
				3047A5111AB8059700498E2A /* build.xcconfig */,
			);
			name = config;
			sourceTree = "<group>";
		};
		307C750510C5A3420062BCA9 /* Plugins */ = {
			isa = PBXGroup;
			children = (
				B5814E0FB00C4931954C46E9 /* CDVDevice.m */,
				B2F416EE6BDA4AACB77FC5DA /* CDVDevice.h */,
				3CA2CFCCFD274398945A5D72 /* FCMPlugin.m */,
				E75B6A1582744B42BE610C75 /* AppDelegate+FCMPlugin.m */,
				0AB86600ABEB471F94E6AE98 /* FCMPlugin.h */,
				2AC207D278344C38BE368DF3 /* AppDelegate+FCMPlugin.h */,
				13154BC865414E47BF7C003A /* Firebase.h */,
				33F356BA5C7B45BEA5286615 /* CDVWKWebViewEngine.m */,
				EBAC6DFAF1104EB3AD1888B8 /* CDVWKWebViewUIDelegate.m */,
				4B59675C6B7D44A98FC623C7 /* CDVWKProcessPoolFactory.m */,
				46603D8DB1644BFE84D19618 /* GCDWebServer.m */,
				88AE6572C4034F86B2CCB2F8 /* GCDWebServerConnection.m */,
				83436B572F1A4E63B555E0D9 /* GCDWebServerFunctions.m */,
				CDC9B3FAF1474D73ABD60808 /* GCDWebServerRequest.m */,
				895B536289C545E59F9341AF /* GCDWebServerResponse.m */,
				954D97ACE911432BA67C2AD3 /* GCDWebServerDataRequest.m */,
				5C4A7FBE1D8C4984AED7D2F3 /* GCDWebServerFileRequest.m */,
				975CAD81198340348E29939D /* GCDWebServerMultiPartFormRequest.m */,
				71A1CDC6C6894E7D8FA155CC /* GCDWebServerURLEncodedFormRequest.m */,
				AD956F46C73A45BBAB0831F9 /* GCDWebServerDataResponse.m */,
				2E04B33171894A258E0E5A02 /* GCDWebServerErrorResponse.m */,
				14E6CDA166C346C9B335D227 /* GCDWebServerFileResponse.m */,
				A48E89DFC2884E5492595A47 /* GCDWebServerStreamedResponse.m */,
				4899FA6A4AC147F09EF89D7E /* CDVWKWebViewEngine.h */,
				BDF4A93B09484091BDC13881 /* CDVWKWebViewUIDelegate.h */,
				CB4F582FF9ED41B69F975638 /* CDVWKProcessPoolFactory.h */,
				2D0796769643413E824BF742 /* GCDWebServer.h */,
				1D4258DD1E534AC8AE95FD8E /* GCDWebServerConnection.h */,
				627E73D73D464DC98571136E /* GCDWebServerFunctions.h */,
				207666C0B9524DBFA806CDD3 /* GCDWebServerHTTPStatusCodes.h */,
				197129CEEF76470797F6410F /* GCDWebServerPrivate.h */,
				A502A6AFC8FA41DA8B6B12E8 /* GCDWebServerRequest.h */,
				2AEF51CC5C4C478FA11C484F /* GCDWebServerResponse.h */,
				EBF4F9268F3C40DF8B7C24DC /* GCDWebServerDataRequest.h */,
				ED0346A1C7D34F718C377FE4 /* GCDWebServerFileRequest.h */,
				5D5C735728A4418D8ED7B224 /* GCDWebServerMultiPartFormRequest.h */,
				16D7616BFCB0413EAD1D0176 /* GCDWebServerURLEncodedFormRequest.h */,
				FE3928EC79A14BFA92E52C8F /* GCDWebServerDataResponse.h */,
				F5C94E561C55434890A94703 /* GCDWebServerErrorResponse.h */,
				15B354B0ABAA42E4AAB8E617 /* GCDWebServerFileResponse.h */,
				1E39336745F64F73A3730F90 /* GCDWebServerStreamedResponse.h */,
				F86B4AB3561C4CBA91F5D1B8 /* CDVSplashScreen.m */,
				FD9E83F2AF4049C6A16C0514 /* CDVViewController+SplashScreen.m */,
				4141B1F5876546828E59CAC1 /* CDVSplashScreen.h */,
				DD8D08E4C0FF4DCE8531E3E7 /* CDVViewController+SplashScreen.h */,
				3D5EC53866DD4C5496DC331F /* IonicKeyboard.m */,
				8FC07BB3435E45CDB714D0DE /* IonicKeyboard.h */,
				BBCA9DEB6AD24FFAB1AF4C13 /* AppDelegate+notification.m */,
				F7BCCFDA76A14813B7AFE468 /* PushPlugin.m */,
				3012EF7E55D84B1782C0ADE1 /* AppDelegate+notification.h */,
				C6EF472E8E53447BA2796112 /* PushPlugin.h */,
			);
			name = Plugins;
			path = "test 1/Plugins";
			sourceTree = SOURCE_ROOT;
		};
		EB87FDF11871DA420020F90C /* Staging */ = {
			isa = PBXGroup;
			children = (
				F840E1F0165FE0F500CFE078 /* config.xml */,
				301BF56E109A69640062928A /* www */,
			);
			name = Staging;
			sourceTree = "<group>";
		};
/* End PBXGroup section */

/* Begin PBXNativeTarget section */
		1D6058900D05DD3D006BFB54 /* test 1 */ = {
			isa = PBXNativeTarget;
			buildConfigurationList = 1D6058960D05DD3E006BFB54 /* Build configuration list for PBXNativeTarget "test 1" */;
			buildPhases = (
				304B58A110DAC018002A0835 /* Copy www directory */,
				1D60588D0D05DD3D006BFB54 /* Resources */,
				1D60588E0D05DD3D006BFB54 /* Sources */,
				1D60588F0D05DD3D006BFB54 /* Frameworks */,
			);
			buildRules = (
			);
			dependencies = (
				301BF551109A68C00062928A /* PBXTargetDependency */,
			);
			name = "test 1";
			productName = "test 1";
			productReference = 1D6058910D05DD3D006BFB54 /* test 1.app */;
			productType = "com.apple.product-type.application";
		};
/* End PBXNativeTarget section */

/* Begin PBXProject section */
		29B97313FDCFA39411CA2CEA /* Project object */ = {
			isa = PBXProject;
			attributes = {
				LastUpgradeCheck = 510;
			};
			buildConfigurationList = C01FCF4E08A954540054247B /* Build configuration list for PBXProject "__NON-CLI__" */;
			compatibilityVersion = "Xcode 3.2";
			developmentRegion = English;
			hasScannedForEncodings = 1;
			mainGroup = 29B97314FDCFA39411CA2CEA /* CustomTemplate */;
			projectDirPath = "";
			projectReferences = (
				{
					ProductGroup = 301BF52E109A57CC0062928A /* Products */;
					ProjectRef = 301BF52D109A57CC0062928A /* CordovaLib.xcodeproj */;
				},
			);
			projectRoot = "";
			targets = (
				1D6058900D05DD3D006BFB54 /* test 1 */,
			);
		};
/* End PBXProject section */

/* Begin PBXReferenceProxy section */
		301BF535109A57CC0062928A /* libCordova.a */ = {
			isa = PBXReferenceProxy;
			fileType = archive.ar;
			path = libCordova.a;
			remoteRef = 301BF534109A57CC0062928A /* PBXContainerItemProxy */;
			sourceTree = BUILT_PRODUCTS_DIR;
		};
/* End PBXReferenceProxy section */

/* Begin PBXResourcesBuildPhase section */
		1D60588D0D05DD3D006BFB54 /* Resources */ = {
			isa = PBXResourcesBuildPhase;
			buildActionMask = 2147483647;
			files = (
				302D95F214D2391D003F00A1 /* MainViewController.xib in Resources */,
				0207DA581B56EA530066E2B4 /* Images.xcassets in Resources */,
				6AFF5BF91D6E424B00AB3073 /* CDVLaunchScreen.storyboard in Resources */,
				591FFF078ABB4EE09A6BF795 /* GoogleService-Info.plist in Resources */,
			);
			runOnlyForDeploymentPostprocessing = 0;
		};
/* End PBXResourcesBuildPhase section */

/* Begin PBXShellScriptBuildPhase section */
		304B58A110DAC018002A0835 /* Copy www directory */ = {
			isa = PBXShellScriptBuildPhase;
			buildActionMask = 2147483647;
			files = (
			);
			inputPaths = (
			);
			name = "Copy www directory";
			outputPaths = (
			);
			runOnlyForDeploymentPostprocessing = 0;
			shellPath = /bin/sh;
			shellScript = "NODEJS_PATH=/usr/local/bin; NVM_NODE_PATH=~/.nvm/versions/node/`nvm version 2>/dev/null`/bin; N_NODE_PATH=`find /usr/local/n/versions/node/* -maxdepth 0 -type d 2>/dev/null | tail -1`/bin; XCODE_NODE_PATH=`xcode-select --print-path`/usr/share/xcs/Node/bin; PATH=$NODEJS_PATH:$NVM_NODE_PATH:$N_NODE_PATH:$XCODE_NODE_PATH:$PATH && node cordova/lib/copy-www-build-step.js";
			showEnvVarsInLog = 0;
		};
/* End PBXShellScriptBuildPhase section */

/* Begin PBXSourcesBuildPhase section */
		1D60588E0D05DD3D006BFB54 /* Sources */ = {
			isa = PBXSourcesBuildPhase;
			buildActionMask = 2147483647;
			files = (
				1D60589B0D05DD56006BFB54 /* main.m in Sources */,
				1D3623260D0F684500981E51 /* AppDelegate.m in Sources */,
				302D95F114D2391D003F00A1 /* MainViewController.m in Sources */,
				611A456B25F94F879B70BFEA /* CDVDevice.m in Sources */,
				D01D5CFA49BD40CDBDA9D7FD /* FCMPlugin.m in Sources */,
				650B8E805A4F41E3B1E9DBEE /* AppDelegate+FCMPlugin.m in Sources */,
				7F68137D9921421DA8D2781E /* CDVWKWebViewEngine.m in Sources */,
				7698CE09388C4FF38BB5FCA2 /* CDVWKWebViewUIDelegate.m in Sources */,
				C351863140764B83830D075C /* CDVWKProcessPoolFactory.m in Sources */,
				3F72F35FB8D241DC8ACDDB06 /* GCDWebServer.m in Sources */,
				3619B400A5624097BD02D825 /* GCDWebServerConnection.m in Sources */,
				270FFF23DA3F4BB5A4ABE17D /* GCDWebServerFunctions.m in Sources */,
				570ECDA2198D461D925A60F2 /* GCDWebServerRequest.m in Sources */,
				F65BFD3673B248B4AAFE5214 /* GCDWebServerResponse.m in Sources */,
				194CF101F0794B2BABA5DB51 /* GCDWebServerDataRequest.m in Sources */,
				4C73CED3621F4E7096FA342C /* GCDWebServerFileRequest.m in Sources */,
				EA0C0A7187CE4AAD95FA520B /* GCDWebServerMultiPartFormRequest.m in Sources */,
				BCAF182191EE41CCA8E57738 /* GCDWebServerURLEncodedFormRequest.m in Sources */,
				CC9790BCB2BA422B929D373F /* GCDWebServerDataResponse.m in Sources */,
				DB2433A5539E43B9829ED634 /* GCDWebServerErrorResponse.m in Sources */,
				4EFD89209E9E4A58A3D772F7 /* GCDWebServerFileResponse.m in Sources */,
				30EF6F2090574DA599D4999C /* GCDWebServerStreamedResponse.m in Sources */,
				26EEDD8CC15E4B2A94B4CC7E /* CDVSplashScreen.m in Sources */,
				2A4E0B536EE4410EBFEA1183 /* CDVViewController+SplashScreen.m in Sources */,
				57A8B31A3DEA470DA43A2D89 /* IonicKeyboard.m in Sources */,
				7F9CB871C0BA44C2AFA27D94 /* AppDelegate+notification.m in Sources */,
				9668FE0C763A44C3B43C7504 /* PushPlugin.m in Sources */,
			);
			runOnlyForDeploymentPostprocessing = 0;
		};
/* End PBXSourcesBuildPhase section */

/* Begin PBXTargetDependency section */
		301BF551109A68C00062928A /* PBXTargetDependency */ = {
			isa = PBXTargetDependency;
			name = CordovaLib;
			targetProxy = 301BF550109A68C00062928A /* PBXContainerItemProxy */;
		};
/* End PBXTargetDependency section */

/* Begin XCBuildConfiguration section */
		1D6058940D05DD3E006BFB54 /* Debug */ = {
			isa = XCBuildConfiguration;
			baseConfigurationReference = 3047A50F1AB8059700498E2A /* build-debug.xcconfig */;
			buildSettings = {
				ALWAYS_SEARCH_USER_PATHS = NO;
				ASSETCATALOG_COMPILER_APPICON_NAME = AppIcon;
				ASSETCATALOG_COMPILER_LAUNCHIMAGE_NAME = LaunchImage;
				CLANG_ENABLE_MODULES = YES;
				CLANG_ENABLE_OBJC_ARC = YES;
				COPY_PHASE_STRIP = NO;
				GCC_DYNAMIC_NO_PIC = NO;
				GCC_OPTIMIZATION_LEVEL = 0;
				GCC_PRECOMPILE_PREFIX_HEADER = YES;
				GCC_PREFIX_HEADER = "test 1/test 1-Prefix.pch";
				GCC_THUMB_SUPPORT = NO;
				GCC_VERSION = "";
				INFOPLIST_FILE = "test 1/test 1-Info.plist";
				IPHONEOS_DEPLOYMENT_TARGET = 9.0;
				LD_RUNPATH_SEARCH_PATHS = "@executable_path/Frameworks";
				TARGETED_DEVICE_FAMILY = "1,2";
				PRODUCT_NAME = "test 1";
				FRAMEWORK_SEARCH_PATHS = (
					"$(inherited)",
					"\"test 1/Plugins/cordova-plugin-fcm\"",
					"\"test 1/Plugins/cordova-plugin-fcm\"",
					"\"test 1/Plugins/cordova-plugin-fcm\"",
					"\"test 1/Plugins/cordova-plugin-fcm\"",
					"\"test 1/Plugins/cordova-plugin-fcm\"",
					"\"test 1/Plugins/cordova-plugin-fcm\"",
					"\"test 1/Plugins/cordova-plugin-fcm\"",
					"\"test 1/Plugins/cordova-plugin-fcm\"",
				);
			};
			name = Debug;
		};
		1D6058950D05DD3E006BFB54 /* Release */ = {
			isa = XCBuildConfiguration;
			baseConfigurationReference = 3047A5101AB8059700498E2A /* build-release.xcconfig */;
			buildSettings = {
				ALWAYS_SEARCH_USER_PATHS = NO;
				ASSETCATALOG_COMPILER_APPICON_NAME = AppIcon;
				ASSETCATALOG_COMPILER_LAUNCHIMAGE_NAME = LaunchImage;
				CLANG_ENABLE_MODULES = YES;
				CLANG_ENABLE_OBJC_ARC = YES;
				COPY_PHASE_STRIP = YES;
				GCC_PRECOMPILE_PREFIX_HEADER = YES;
				GCC_PREFIX_HEADER = "test 1/test 1-Prefix.pch";
				GCC_THUMB_SUPPORT = NO;
				GCC_VERSION = "";
				INFOPLIST_FILE = "test 1/test 1-Info.plist";
				IPHONEOS_DEPLOYMENT_TARGET = 9.0;
				LD_RUNPATH_SEARCH_PATHS = "@executable_path/Frameworks";
				TARGETED_DEVICE_FAMILY = "1,2";
				PRODUCT_NAME = "test 1";
				FRAMEWORK_SEARCH_PATHS = (
					"$(inherited)",
					"\"test 1/Plugins/cordova-plugin-fcm\"",
					"\"test 1/Plugins/cordova-plugin-fcm\"",
					"\"test 1/Plugins/cordova-plugin-fcm\"",
					"\"test 1/Plugins/cordova-plugin-fcm\"",
					"\"test 1/Plugins/cordova-plugin-fcm\"",
					"\"test 1/Plugins/cordova-plugin-fcm\"",
					"\"test 1/Plugins/cordova-plugin-fcm\"",
					"\"test 1/Plugins/cordova-plugin-fcm\"",
				);
			};
			name = Release;
		};
		C01FCF4F08A954540054247B /* Debug */ = {
			isa = XCBuildConfiguration;
			baseConfigurationReference = 3047A5111AB8059700498E2A /* build.xcconfig */;
			buildSettings = {
				CLANG_ENABLE_MODULES = YES;
				CLANG_ENABLE_OBJC_ARC = YES;
				CLANG_WARN_BOOL_CONVERSION = YES;
				CLANG_WARN_CONSTANT_CONVERSION = YES;
				CLANG_WARN_EMPTY_BODY = YES;
				CLANG_WARN_ENUM_CONVERSION = YES;
				CLANG_WARN_INT_CONVERSION = YES;
				CLANG_WARN__DUPLICATE_METHOD_MATCH = YES;
				GCC_C_LANGUAGE_STANDARD = c99;
				GCC_THUMB_SUPPORT = NO;
				GCC_VERSION = "";
				GCC_WARN_ABOUT_RETURN_TYPE = YES;
				GCC_WARN_UNDECLARED_SELECTOR = YES;
				GCC_WARN_UNINITIALIZED_AUTOS = YES;
				GCC_WARN_UNUSED_FUNCTION = YES;
				GCC_WARN_UNUSED_VARIABLE = YES;
				ONLY_ACTIVE_ARCH = YES;
				SDKROOT = iphoneos;
				SKIP_INSTALL = NO;
			};
			name = Debug;
		};
		C01FCF5008A954540054247B /* Release */ = {
			isa = XCBuildConfiguration;
			baseConfigurationReference = 3047A5111AB8059700498E2A /* build.xcconfig */;
			buildSettings = {
				CLANG_ENABLE_MODULES = YES;
				CLANG_ENABLE_OBJC_ARC = YES;
				CLANG_WARN_BOOL_CONVERSION = YES;
				CLANG_WARN_CONSTANT_CONVERSION = YES;
				CLANG_WARN_EMPTY_BODY = YES;
				CLANG_WARN_ENUM_CONVERSION = YES;
				CLANG_WARN_INT_CONVERSION = YES;
				CLANG_WARN__DUPLICATE_METHOD_MATCH = YES;
				GCC_C_LANGUAGE_STANDARD = c99;
				GCC_THUMB_SUPPORT = NO;
				GCC_VERSION = "";
				GCC_WARN_ABOUT_RETURN_TYPE = YES;
				GCC_WARN_UNDECLARED_SELECTOR = YES;
				GCC_WARN_UNINITIALIZED_AUTOS = YES;
				GCC_WARN_UNUSED_FUNCTION = YES;
				GCC_WARN_UNUSED_VARIABLE = YES;
				SDKROOT = iphoneos;
				SKIP_INSTALL = NO;
			};
			name = Release;
		};
/* End XCBuildConfiguration section */

/* Begin XCConfigurationList section */
		1D6058960D05DD3E006BFB54 /* Build configuration list for PBXNativeTarget "test 1" */ = {
			isa = XCConfigurationList;
			buildConfigurations = (
				1D6058940D05DD3E006BFB54 /* Debug */,
				1D6058950D05DD3E006BFB54 /* Release */,
			);
			defaultConfigurationIsVisible = 0;
			defaultConfigurationName = Release;
		};
		C01FCF4E08A954540054247B /* Build configuration list for PBXProject "__NON-CLI__" */ = {
			isa = XCConfigurationList;
			buildConfigurations = (
				C01FCF4F08A954540054247B /* Debug */,
				C01FCF5008A954540054247B /* Release */,
			);
			defaultConfigurationIsVisible = 0;
			defaultConfigurationName = Release;
		};
/* End XCConfigurationList section */
	};
	rootObject = 29B97313FDCFA39411CA2CEA /* Project object */;
}
